// !$*UTF8*$!
{
	archiveVersion = 1;
	classes = {
	};
	objectVersion = 52;
	objects = {

/* Begin PBXBuildFile section */
		5208B83D28D87450007BB75C /* CounterView.swift in Sources */ = {isa = PBXBuildFile; fileRef = 5295EE0D1A95E647007EF7E7 /* CounterView.swift */; };
		520F20C3233631E800B1F73F /* Media.xcassets in Resources */ = {isa = PBXBuildFile; fileRef = 52CFBF041A8B631B005234FB /* Media.xcassets */; };
		523443631BBAFBEF00E95BA4 /* DaysLeft WatchKit Extension.appex in Embed Foundation Extensions */ = {isa = PBXBuildFile; fileRef = 52B7E8771ABEDE9300E1949C /* DaysLeft WatchKit Extension.appex */; settings = {ATTRIBUTES = (RemoveHeadersOnCopy, ); }; };
		523443661BBAFBEF00E95BA4 /* DaysLeft WatchKit App.app in Embed Watch Content */ = {isa = PBXBuildFile; fileRef = 52B7E8811ABEDE9300E1949C /* DaysLeft WatchKit App.app */; platformFilter = ios; };
		5234436D1BBB181C00E95BA4 /* ExtensionDelegate.swift in Sources */ = {isa = PBXBuildFile; fileRef = 5234436C1BBB181C00E95BA4 /* ExtensionDelegate.swift */; };
		5240F1D028D8C1BC00B95FE5 /* Date+Helpers.swift in Sources */ = {isa = PBXBuildFile; fileRef = 5240F1CF28D8C1BC00B95FE5 /* Date+Helpers.swift */; };
		5240F1D128D8C1BC00B95FE5 /* Date+Helpers.swift in Sources */ = {isa = PBXBuildFile; fileRef = 5240F1CF28D8C1BC00B95FE5 /* Date+Helpers.swift */; };
		5240F1D228D8C1BC00B95FE5 /* Date+Helpers.swift in Sources */ = {isa = PBXBuildFile; fileRef = 5240F1CF28D8C1BC00B95FE5 /* Date+Helpers.swift */; };
		5240F1D328D8C1BC00B95FE5 /* Date+Helpers.swift in Sources */ = {isa = PBXBuildFile; fileRef = 5240F1CF28D8C1BC00B95FE5 /* Date+Helpers.swift */; };
		5240F1D428D8C1BC00B95FE5 /* Date+Helpers.swift in Sources */ = {isa = PBXBuildFile; fileRef = 5240F1CF28D8C1BC00B95FE5 /* Date+Helpers.swift */; };
		5240F1D528D8C1BC00B95FE5 /* Date+Helpers.swift in Sources */ = {isa = PBXBuildFile; fileRef = 5240F1CF28D8C1BC00B95FE5 /* Date+Helpers.swift */; };
		5240F1E528D9B6CB00B95FE5 /* AppSettingsDataManager.swift in Sources */ = {isa = PBXBuildFile; fileRef = 5240F1E428D9B6CB00B95FE5 /* AppSettingsDataManager.swift */; };
		5240F1E628D9B6CB00B95FE5 /* AppSettingsDataManager.swift in Sources */ = {isa = PBXBuildFile; fileRef = 5240F1E428D9B6CB00B95FE5 /* AppSettingsDataManager.swift */; };
		5240F1E728D9B6CB00B95FE5 /* AppSettingsDataManager.swift in Sources */ = {isa = PBXBuildFile; fileRef = 5240F1E428D9B6CB00B95FE5 /* AppSettingsDataManager.swift */; };
		5240F1E828D9B6CB00B95FE5 /* AppSettingsDataManager.swift in Sources */ = {isa = PBXBuildFile; fileRef = 5240F1E428D9B6CB00B95FE5 /* AppSettingsDataManager.swift */; };
		5240F1E928D9B6CB00B95FE5 /* AppSettingsDataManager.swift in Sources */ = {isa = PBXBuildFile; fileRef = 5240F1E428D9B6CB00B95FE5 /* AppSettingsDataManager.swift */; };
		5240F1EB28D9BE1A00B95FE5 /* AppSettings.swift in Sources */ = {isa = PBXBuildFile; fileRef = 5240F1EA28D9BE1A00B95FE5 /* AppSettings.swift */; };
		5240F1EC28D9BE1A00B95FE5 /* AppSettings.swift in Sources */ = {isa = PBXBuildFile; fileRef = 5240F1EA28D9BE1A00B95FE5 /* AppSettings.swift */; };
		5240F1ED28D9BE1A00B95FE5 /* AppSettings.swift in Sources */ = {isa = PBXBuildFile; fileRef = 5240F1EA28D9BE1A00B95FE5 /* AppSettings.swift */; };
		5240F1EE28D9BE1A00B95FE5 /* AppSettings.swift in Sources */ = {isa = PBXBuildFile; fileRef = 5240F1EA28D9BE1A00B95FE5 /* AppSettings.swift */; };
		5240F1EF28D9BE1A00B95FE5 /* AppSettings.swift in Sources */ = {isa = PBXBuildFile; fileRef = 5240F1EA28D9BE1A00B95FE5 /* AppSettings.swift */; };
		5240F1F128D9C25700B95FE5 /* AppControlSettings.swift in Sources */ = {isa = PBXBuildFile; fileRef = 5240F1F028D9C25700B95FE5 /* AppControlSettings.swift */; };
		5240F1F228D9C25700B95FE5 /* AppControlSettings.swift in Sources */ = {isa = PBXBuildFile; fileRef = 5240F1F028D9C25700B95FE5 /* AppControlSettings.swift */; };
		5240F1F328D9C25700B95FE5 /* AppControlSettings.swift in Sources */ = {isa = PBXBuildFile; fileRef = 5240F1F028D9C25700B95FE5 /* AppControlSettings.swift */; };
		5240F1F428D9C25700B95FE5 /* AppControlSettings.swift in Sources */ = {isa = PBXBuildFile; fileRef = 5240F1F028D9C25700B95FE5 /* AppControlSettings.swift */; };
		5240F1F528D9C25700B95FE5 /* AppControlSettings.swift in Sources */ = {isa = PBXBuildFile; fileRef = 5240F1F028D9C25700B95FE5 /* AppControlSettings.swift */; };
		527E15401D83F80300D81B15 /* gallery.ckcomplication in Resources */ = {isa = PBXBuildFile; fileRef = 527E153F1D83F80300D81B15 /* gallery.ckcomplication */; };
		5295EDF01A94AF83007EF7E7 /* DaysLeftTests.swift in Sources */ = {isa = PBXBuildFile; fileRef = 52CFBF131A8B631B005234FB /* DaysLeftTests.swift */; };
		52AC69362154DA7E00E6C833 /* IntentHandler.swift in Sources */ = {isa = PBXBuildFile; fileRef = 52AC69352154DA7E00E6C833 /* IntentHandler.swift */; };
		52AC693E2154DA7E00E6C833 /* IntentsUI.framework in Frameworks */ = {isa = PBXBuildFile; fileRef = 52AC693D2154DA7E00E6C833 /* IntentsUI.framework */; };
		52AC69412154DA7E00E6C833 /* IntentViewController.swift in Sources */ = {isa = PBXBuildFile; fileRef = 52AC69402154DA7E00E6C833 /* IntentViewController.swift */; };
		52AC69442154DA7E00E6C833 /* MainInterface.storyboard in Resources */ = {isa = PBXBuildFile; fileRef = 52AC69422154DA7E00E6C833 /* MainInterface.storyboard */; };
		52AC69482154DA7F00E6C833 /* DaysLeftIntentUI.appex in Embed Foundation Extensions */ = {isa = PBXBuildFile; fileRef = 52AC693C2154DA7E00E6C833 /* DaysLeftIntentUI.appex */; platformFilter = ios; settings = {ATTRIBUTES = (RemoveHeadersOnCopy, ); }; };
		52AC694B2154DA7F00E6C833 /* DaysLeftIntent.appex in Embed Foundation Extensions */ = {isa = PBXBuildFile; fileRef = 52AC69332154DA7E00E6C833 /* DaysLeftIntent.appex */; platformFilter = ios; settings = {ATTRIBUTES = (RemoveHeadersOnCopy, ); }; };
		52AC69532154DAFB00E6C833 /* Intents.intentdefinition in Sources */ = {isa = PBXBuildFile; fileRef = 52AC69522154DAFB00E6C833 /* Intents.intentdefinition */; settings = {ATTRIBUTES = (codegen, ); }; };
		52AC69542154DC3000E6C833 /* Intents.intentdefinition in Sources */ = {isa = PBXBuildFile; fileRef = 52AC69522154DAFB00E6C833 /* Intents.intentdefinition */; settings = {ATTRIBUTES = (codegen, ); }; };
		52AC69552154DC3600E6C833 /* Intents.intentdefinition in Sources */ = {isa = PBXBuildFile; fileRef = 52AC69522154DAFB00E6C833 /* Intents.intentdefinition */; settings = {ATTRIBUTES = (codegen, ); }; };
		52AC695C2154DEB700E6C833 /* DaysLeftIntentHandler.swift in Sources */ = {isa = PBXBuildFile; fileRef = 52AC695B2154DEB700E6C833 /* DaysLeftIntentHandler.swift */; };
		52AC695D2154E42F00E6C833 /* DefaultPreferences.plist in Resources */ = {isa = PBXBuildFile; fileRef = 52FAB11B1A9240490039691E /* DefaultPreferences.plist */; };
		52AC695E2154E42F00E6C833 /* DefaultPreferences.plist in Resources */ = {isa = PBXBuildFile; fileRef = 52FAB11B1A9240490039691E /* DefaultPreferences.plist */; };
		52B7E87E1ABEDE9300E1949C /* Media.xcassets in Resources */ = {isa = PBXBuildFile; fileRef = 52B7E87D1ABEDE9300E1949C /* Media.xcassets */; };
		52B7E88A1ABEDE9300E1949C /* Interface.storyboard in Resources */ = {isa = PBXBuildFile; fileRef = 52B7E8881ABEDE9300E1949C /* Interface.storyboard */; };
		52B7E88C1ABEDE9300E1949C /* Images.xcassets in Resources */ = {isa = PBXBuildFile; fileRef = 52B7E88B1ABEDE9300E1949C /* Images.xcassets */; };
		52B7E8991ABEEA2200E1949C /* DefaultPreferences.plist in Resources */ = {isa = PBXBuildFile; fileRef = 52B7E8981ABEEA2200E1949C /* DefaultPreferences.plist */; };
		52BC1119237C45BC005EC3F7 /* InterfaceHostController.swift in Sources */ = {isa = PBXBuildFile; fileRef = 52BC1118237C45BC005EC3F7 /* InterfaceHostController.swift */; };
		52BC111B237C461C005EC3F7 /* WatchView.swift in Sources */ = {isa = PBXBuildFile; fileRef = 52BC111A237C461C005EC3F7 /* WatchView.swift */; };
		52BC111F237C4AD0005EC3F7 /* DaysLeftViewModel.swift in Sources */ = {isa = PBXBuildFile; fileRef = 52BC111E237C4AD0005EC3F7 /* DaysLeftViewModel.swift */; };
		52C595311E952667006C5269 /* StoreKit.framework in Frameworks */ = {isa = PBXBuildFile; fileRef = 52C595301E952667006C5269 /* StoreKit.framework */; };
		52CBC79A28D9DF1000C89F20 /* CloudKeyValueDataProvider.swift in Sources */ = {isa = PBXBuildFile; fileRef = 52CBC79928D9DF1000C89F20 /* CloudKeyValueDataProvider.swift */; };
		52CBC79B28D9DF1000C89F20 /* CloudKeyValueDataProvider.swift in Sources */ = {isa = PBXBuildFile; fileRef = 52CBC79928D9DF1000C89F20 /* CloudKeyValueDataProvider.swift */; };
		52CBC79C28D9DF1000C89F20 /* CloudKeyValueDataProvider.swift in Sources */ = {isa = PBXBuildFile; fileRef = 52CBC79928D9DF1000C89F20 /* CloudKeyValueDataProvider.swift */; };
		52CBC79D28D9DF1000C89F20 /* CloudKeyValueDataProvider.swift in Sources */ = {isa = PBXBuildFile; fileRef = 52CBC79928D9DF1000C89F20 /* CloudKeyValueDataProvider.swift */; };
		52CBC79E28D9DF1000C89F20 /* CloudKeyValueDataProvider.swift in Sources */ = {isa = PBXBuildFile; fileRef = 52CBC79928D9DF1000C89F20 /* CloudKeyValueDataProvider.swift */; };
		52CBC7A028D9E01700C89F20 /* DataProviderProtocol.swift in Sources */ = {isa = PBXBuildFile; fileRef = 52CBC79F28D9E01700C89F20 /* DataProviderProtocol.swift */; };
		52CBC7A128D9E01700C89F20 /* DataProviderProtocol.swift in Sources */ = {isa = PBXBuildFile; fileRef = 52CBC79F28D9E01700C89F20 /* DataProviderProtocol.swift */; };
		52CBC7A228D9E01700C89F20 /* DataProviderProtocol.swift in Sources */ = {isa = PBXBuildFile; fileRef = 52CBC79F28D9E01700C89F20 /* DataProviderProtocol.swift */; };
		52CBC7A328D9E01700C89F20 /* DataProviderProtocol.swift in Sources */ = {isa = PBXBuildFile; fileRef = 52CBC79F28D9E01700C89F20 /* DataProviderProtocol.swift */; };
		52CBC7A428D9E01700C89F20 /* DataProviderProtocol.swift in Sources */ = {isa = PBXBuildFile; fileRef = 52CBC79F28D9E01700C89F20 /* DataProviderProtocol.swift */; };
		52CBC7A628D9E1F000C89F20 /* InMemoryDataProvider.swift in Sources */ = {isa = PBXBuildFile; fileRef = 52CBC7A528D9E1F000C89F20 /* InMemoryDataProvider.swift */; };
		52CBC7A728D9E20900C89F20 /* DataProviderProtocol.swift in Sources */ = {isa = PBXBuildFile; fileRef = 52CBC79F28D9E01700C89F20 /* DataProviderProtocol.swift */; };
		52CBC7A828D9E2B500C89F20 /* AppSettingsDataManager.swift in Sources */ = {isa = PBXBuildFile; fileRef = 5240F1E428D9B6CB00B95FE5 /* AppSettingsDataManager.swift */; };
		52CBC7A928D9E2E200C89F20 /* AppSettings.swift in Sources */ = {isa = PBXBuildFile; fileRef = 5240F1EA28D9BE1A00B95FE5 /* AppSettings.swift */; };
		52CBC7AA28D9E2E400C89F20 /* AppControlSettings.swift in Sources */ = {isa = PBXBuildFile; fileRef = 5240F1F028D9C25700B95FE5 /* AppControlSettings.swift */; };
		52CBC7AB28D9E39300C89F20 /* CloudKeyValueDataProvider.swift in Sources */ = {isa = PBXBuildFile; fileRef = 52CBC79928D9DF1000C89F20 /* CloudKeyValueDataProvider.swift */; };
		52CBC7AC28D9EA2D00C89F20 /* InMemoryDataProvider.swift in Sources */ = {isa = PBXBuildFile; fileRef = 52CBC7A528D9E1F000C89F20 /* InMemoryDataProvider.swift */; };
		52CBC7AE28D9EE6700C89F20 /* AppSettings+Text.swift in Sources */ = {isa = PBXBuildFile; fileRef = 52CBC7AD28D9EE6700C89F20 /* AppSettings+Text.swift */; };
		52CBC7AF28D9EE6700C89F20 /* AppSettings+Text.swift in Sources */ = {isa = PBXBuildFile; fileRef = 52CBC7AD28D9EE6700C89F20 /* AppSettings+Text.swift */; };
		52CBC7B028D9EE6700C89F20 /* AppSettings+Text.swift in Sources */ = {isa = PBXBuildFile; fileRef = 52CBC7AD28D9EE6700C89F20 /* AppSettings+Text.swift */; };
		52CBC7B128D9EE6700C89F20 /* AppSettings+Text.swift in Sources */ = {isa = PBXBuildFile; fileRef = 52CBC7AD28D9EE6700C89F20 /* AppSettings+Text.swift */; };
		52CBC7B228D9EE6700C89F20 /* AppSettings+Text.swift in Sources */ = {isa = PBXBuildFile; fileRef = 52CBC7AD28D9EE6700C89F20 /* AppSettings+Text.swift */; };
		52CBC7B328D9EE6700C89F20 /* AppSettings+Text.swift in Sources */ = {isa = PBXBuildFile; fileRef = 52CBC7AD28D9EE6700C89F20 /* AppSettings+Text.swift */; };
		52CBC7B528D9FBE000C89F20 /* AppSettings+DayCalculations.swift in Sources */ = {isa = PBXBuildFile; fileRef = 52CBC7B428D9FBE000C89F20 /* AppSettings+DayCalculations.swift */; };
		52CBC7B628D9FBE000C89F20 /* AppSettings+DayCalculations.swift in Sources */ = {isa = PBXBuildFile; fileRef = 52CBC7B428D9FBE000C89F20 /* AppSettings+DayCalculations.swift */; };
		52CBC7B728D9FBE000C89F20 /* AppSettings+DayCalculations.swift in Sources */ = {isa = PBXBuildFile; fileRef = 52CBC7B428D9FBE000C89F20 /* AppSettings+DayCalculations.swift */; };
		52CBC7B828D9FBE000C89F20 /* AppSettings+DayCalculations.swift in Sources */ = {isa = PBXBuildFile; fileRef = 52CBC7B428D9FBE000C89F20 /* AppSettings+DayCalculations.swift */; };
		52CBC7B928D9FBE000C89F20 /* AppSettings+DayCalculations.swift in Sources */ = {isa = PBXBuildFile; fileRef = 52CBC7B428D9FBE000C89F20 /* AppSettings+DayCalculations.swift */; };
		52CBC7BA28D9FBE000C89F20 /* AppSettings+DayCalculations.swift in Sources */ = {isa = PBXBuildFile; fileRef = 52CBC7B428D9FBE000C89F20 /* AppSettings+DayCalculations.swift */; };
		52CBC7BB28DA1A4200C89F20 /* InMemoryDataProvider.swift in Sources */ = {isa = PBXBuildFile; fileRef = 52CBC7A528D9E1F000C89F20 /* InMemoryDataProvider.swift */; };
		52CBC7BE28DAF84500C89F20 /* CircularProgressView.swift in Sources */ = {isa = PBXBuildFile; fileRef = 52CBC7BD28DAF84500C89F20 /* CircularProgressView.swift */; };
		52CBC7BF28DAF84500C89F20 /* CircularProgressView.swift in Sources */ = {isa = PBXBuildFile; fileRef = 52CBC7BD28DAF84500C89F20 /* CircularProgressView.swift */; };
		52CBC7C028DAFC9400C89F20 /* CircularProgressView.swift in Sources */ = {isa = PBXBuildFile; fileRef = 52CBC7BD28DAF84500C89F20 /* CircularProgressView.swift */; };
		52CBC7C128DB028D00C89F20 /* DaysLeftViewModel.swift in Sources */ = {isa = PBXBuildFile; fileRef = 52BC111E237C4AD0005EC3F7 /* DaysLeftViewModel.swift */; };
		52CBC7C628DB0CA300C89F20 /* MainViewHostingController.swift in Sources */ = {isa = PBXBuildFile; fileRef = 52CBC7C528DB0CA300C89F20 /* MainViewHostingController.swift */; };
		52CBC7C828DB0D0900C89F20 /* MainView.swift in Sources */ = {isa = PBXBuildFile; fileRef = 52CBC7C728DB0D0900C89F20 /* MainView.swift */; };
		52CBC7C928DB101600C89F20 /* InMemoryDataProvider.swift in Sources */ = {isa = PBXBuildFile; fileRef = 52CBC7A528D9E1F000C89F20 /* InMemoryDataProvider.swift */; };
		52CFBEFE1A8B631B005234FB /* AppDelegate.swift in Sources */ = {isa = PBXBuildFile; fileRef = 52CFBEFD1A8B631B005234FB /* AppDelegate.swift */; };
		52CFBF051A8B631B005234FB /* Media.xcassets in Resources */ = {isa = PBXBuildFile; fileRef = 52CFBF041A8B631B005234FB /* Media.xcassets */; };
		52D25F3C1BCB8595002E4C76 /* ComplicationsDataSource.swift in Sources */ = {isa = PBXBuildFile; fileRef = 52D25F3B1BCB8595002E4C76 /* ComplicationsDataSource.swift */; };
		52D617B124D06F9000465F4C /* MenuBuilder.swift in Sources */ = {isa = PBXBuildFile; fileRef = 52D617B024D06F9000465F4C /* MenuBuilder.swift */; };
		52DC5AD028DB3EE300AFF24D /* SettingsViewModel.swift in Sources */ = {isa = PBXBuildFile; fileRef = 52DC5ACF28DB3EE300AFF24D /* SettingsViewModel.swift */; };
		52DC5AD228DB431900AFF24D /* SettingsViewHostingController.swift in Sources */ = {isa = PBXBuildFile; fileRef = 52DC5AD128DB431900AFF24D /* SettingsViewHostingController.swift */; };
		52DC5AD428DB43CE00AFF24D /* SettingsView.swift in Sources */ = {isa = PBXBuildFile; fileRef = 52DC5AD328DB43CE00AFF24D /* SettingsView.swift */; };
		52DC9EB31FC97A3200AE02F6 /* GoogleService-Info.plist in Resources */ = {isa = PBXBuildFile; fileRef = 52DC9EB21FC97A3200AE02F6 /* GoogleService-Info.plist */; };
		52DC9EB51FC97A9200AE02F6 /* FirebaseNotifications.swift in Sources */ = {isa = PBXBuildFile; fileRef = 52DC9EB41FC97A9200AE02F6 /* FirebaseNotifications.swift */; };
		52E048A225077AFB009A2169 /* WidgetKit.framework in Frameworks */ = {isa = PBXBuildFile; fileRef = 52E048A125077AFB009A2169 /* WidgetKit.framework */; platformFilter = ios; };
		52E048A425077AFB009A2169 /* SwiftUI.framework in Frameworks */ = {isa = PBXBuildFile; fileRef = 52E048A325077AFB009A2169 /* SwiftUI.framework */; };
		52E048A725077AFB009A2169 /* DaysLeftWidget.swift in Sources */ = {isa = PBXBuildFile; fileRef = 52E048A625077AFB009A2169 /* DaysLeftWidget.swift */; };
		52E048A925077AFE009A2169 /* Assets.xcassets in Resources */ = {isa = PBXBuildFile; fileRef = 52E048A825077AFE009A2169 /* Assets.xcassets */; };
		52E048AD25077AFE009A2169 /* DaysLeftWidgetExtension.appex in Embed Foundation Extensions */ = {isa = PBXBuildFile; fileRef = 52E048A025077AFB009A2169 /* DaysLeftWidgetExtension.appex */; platformFilter = ios; settings = {ATTRIBUTES = (RemoveHeadersOnCopy, ); }; };
		52E048B325077E1C009A2169 /* WidgetView.swift in Sources */ = {isa = PBXBuildFile; fileRef = 52E048B225077E1C009A2169 /* WidgetView.swift */; };
		52E048B525077E6A009A2169 /* WidgetDaysLeftData.swift in Sources */ = {isa = PBXBuildFile; fileRef = 52E048B425077E6A009A2169 /* WidgetDaysLeftData.swift */; };
		52E048BA25077F87009A2169 /* WidgetProgressControl.swift in Sources */ = {isa = PBXBuildFile; fileRef = 52E048B925077F87009A2169 /* WidgetProgressControl.swift */; };
		52E048BC250787F0009A2169 /* DefaultPreferences.plist in Resources */ = {isa = PBXBuildFile; fileRef = 52FAB11B1A9240490039691E /* DefaultPreferences.plist */; };
		52E048BD2507883A009A2169 /* Media.xcassets in Resources */ = {isa = PBXBuildFile; fileRef = 52CFBF041A8B631B005234FB /* Media.xcassets */; };
		52E048BF2507A57E009A2169 /* WidgetTimelineProvider.swift in Sources */ = {isa = PBXBuildFile; fileRef = 52E048BE2507A57E009A2169 /* WidgetTimelineProvider.swift */; };
		52F9CDAC22D63D1900E0FFE8 /* SceneDelegate.swift in Sources */ = {isa = PBXBuildFile; fileRef = 52F9CDAB22D63D1900E0FFE8 /* SceneDelegate.swift */; };
		52FAB11C1A9240490039691E /* DefaultPreferences.plist in Resources */ = {isa = PBXBuildFile; fileRef = 52FAB11B1A9240490039691E /* DefaultPreferences.plist */; };
		52FC400D27AA8B1B005DAD8C /* FirebaseMessaging in Frameworks */ = {isa = PBXBuildFile; productRef = 52FC400C27AA8B1B005DAD8C /* FirebaseMessaging */; };
		52FC400F27AA8EFC005DAD8C /* FirebaseAnalyticsWithoutAdIdSupport in Frameworks */ = {isa = PBXBuildFile; productRef = 52FC400E27AA8EFC005DAD8C /* FirebaseAnalyticsWithoutAdIdSupport */; };
		52FC401127AA8F04005DAD8C /* FirebaseCrashlytics in Frameworks */ = {isa = PBXBuildFile; productRef = 52FC401027AA8F04005DAD8C /* FirebaseCrashlytics */; };
		52FC401427AABAD9005DAD8C /* AnalyticsManager.swift in Sources */ = {isa = PBXBuildFile; fileRef = 52FC401327AABAD9005DAD8C /* AnalyticsManager.swift */; };
/* End PBXBuildFile section */

/* Begin PBXContainerItemProxy section */
		523443611BBAFBEF00E95BA4 /* PBXContainerItemProxy */ = {
			isa = PBXContainerItemProxy;
			containerPortal = 52CFBEF01A8B631B005234FB /* Project object */;
			proxyType = 1;
			remoteGlobalIDString = 52B7E8761ABEDE9300E1949C;
			remoteInfo = "daysleft WatchKit Extension";
		};
		523443641BBAFBEF00E95BA4 /* PBXContainerItemProxy */ = {
			isa = PBXContainerItemProxy;
			containerPortal = 52CFBEF01A8B631B005234FB /* Project object */;
			proxyType = 1;
			remoteGlobalIDString = 52B7E8801ABEDE9300E1949C;
			remoteInfo = "daysleft WatchKit App";
		};
		5295EDDE1A94AE53007EF7E7 /* PBXContainerItemProxy */ = {
			isa = PBXContainerItemProxy;
			containerPortal = 52CFBEF01A8B631B005234FB /* Project object */;
			proxyType = 1;
			remoteGlobalIDString = 52CFBEF71A8B631B005234FB;
			remoteInfo = daysleft;
		};
		52AC69462154DA7F00E6C833 /* PBXContainerItemProxy */ = {
			isa = PBXContainerItemProxy;
			containerPortal = 52CFBEF01A8B631B005234FB /* Project object */;
			proxyType = 1;
			remoteGlobalIDString = 52AC693B2154DA7E00E6C833;
			remoteInfo = DaysLeftIntentUI;
		};
		52AC69492154DA7F00E6C833 /* PBXContainerItemProxy */ = {
			isa = PBXContainerItemProxy;
			containerPortal = 52CFBEF01A8B631B005234FB /* Project object */;
			proxyType = 1;
			remoteGlobalIDString = 52AC69322154DA7E00E6C833;
			remoteInfo = DaysLeftIntent;
		};
		52E048AB25077AFE009A2169 /* PBXContainerItemProxy */ = {
			isa = PBXContainerItemProxy;
			containerPortal = 52CFBEF01A8B631B005234FB /* Project object */;
			proxyType = 1;
			remoteGlobalIDString = 52E0489F25077AFB009A2169;
			remoteInfo = DaysLeftWidgetExtension;
		};
/* End PBXContainerItemProxy section */

/* Begin PBXCopyFilesBuildPhase section */
		523443671BBAFBEF00E95BA4 /* Embed Foundation Extensions */ = {
			isa = PBXCopyFilesBuildPhase;
			buildActionMask = 2147483647;
			dstPath = "";
			dstSubfolderSpec = 13;
			files = (
				523443631BBAFBEF00E95BA4 /* DaysLeft WatchKit Extension.appex in Embed Foundation Extensions */,
			);
			name = "Embed Foundation Extensions";
			runOnlyForDeploymentPostprocessing = 0;
		};
		523443681BBAFBEF00E95BA4 /* Embed Watch Content */ = {
			isa = PBXCopyFilesBuildPhase;
			buildActionMask = 2147483647;
			dstPath = "$(CONTENTS_FOLDER_PATH)/Watch";
			dstSubfolderSpec = 16;
			files = (
				523443661BBAFBEF00E95BA4 /* DaysLeft WatchKit App.app in Embed Watch Content */,
			);
			name = "Embed Watch Content";
			runOnlyForDeploymentPostprocessing = 0;
		};
		5295EDE81A94AE53007EF7E7 /* Embed Frameworks */ = {
			isa = PBXCopyFilesBuildPhase;
			buildActionMask = 2147483647;
			dstPath = "";
			dstSubfolderSpec = 10;
			files = (
			);
			name = "Embed Frameworks";
			runOnlyForDeploymentPostprocessing = 0;
		};
		5295EE091A94B398007EF7E7 /* Embed Foundation Extensions */ = {
			isa = PBXCopyFilesBuildPhase;
			buildActionMask = 2147483647;
			dstPath = "";
			dstSubfolderSpec = 13;
			files = (
				52AC69482154DA7F00E6C833 /* DaysLeftIntentUI.appex in Embed Foundation Extensions */,
				52AC694B2154DA7F00E6C833 /* DaysLeftIntent.appex in Embed Foundation Extensions */,
				52E048AD25077AFE009A2169 /* DaysLeftWidgetExtension.appex in Embed Foundation Extensions */,
			);
			name = "Embed Foundation Extensions";
			runOnlyForDeploymentPostprocessing = 0;
		};
/* End PBXCopyFilesBuildPhase section */

/* Begin PBXFileReference section */
		5208B84728D87679007BB75C /* Info.plist */ = {isa = PBXFileReference; lastKnownFileType = text.plist.xml; path = Info.plist; sourceTree = "<group>"; };
		5234436B1BBB00B800E95BA4 /* daysleft WatchKit App.entitlements */ = {isa = PBXFileReference; lastKnownFileType = text.xml; path = "daysleft WatchKit App.entitlements"; sourceTree = "<group>"; };
		5234436C1BBB181C00E95BA4 /* ExtensionDelegate.swift */ = {isa = PBXFileReference; fileEncoding = 4; lastKnownFileType = sourcecode.swift; path = ExtensionDelegate.swift; sourceTree = "<group>"; };
		5240F1CF28D8C1BC00B95FE5 /* Date+Helpers.swift */ = {isa = PBXFileReference; lastKnownFileType = sourcecode.swift; path = "Date+Helpers.swift"; sourceTree = "<group>"; };
		5240F1E428D9B6CB00B95FE5 /* AppSettingsDataManager.swift */ = {isa = PBXFileReference; lastKnownFileType = sourcecode.swift; path = AppSettingsDataManager.swift; sourceTree = "<group>"; };
		5240F1EA28D9BE1A00B95FE5 /* AppSettings.swift */ = {isa = PBXFileReference; lastKnownFileType = sourcecode.swift; path = AppSettings.swift; sourceTree = "<group>"; };
		5240F1F028D9C25700B95FE5 /* AppControlSettings.swift */ = {isa = PBXFileReference; lastKnownFileType = sourcecode.swift; path = AppControlSettings.swift; sourceTree = "<group>"; };
		52790F781D056F500025AF10 /* daysleft-Bridging-Header.h */ = {isa = PBXFileReference; lastKnownFileType = sourcecode.c.h; path = "daysleft-Bridging-Header.h"; sourceTree = "<group>"; };
		527E153F1D83F80300D81B15 /* gallery.ckcomplication */ = {isa = PBXFileReference; lastKnownFileType = folder; path = gallery.ckcomplication; sourceTree = "<group>"; };
		5295EDDA1A94AE53007EF7E7 /* DaysLeftTests.xctest */ = {isa = PBXFileReference; explicitFileType = wrapper.cfbundle; includeInIndex = 0; path = DaysLeftTests.xctest; sourceTree = BUILT_PRODUCTS_DIR; };
		5295EDFA1A94B398007EF7E7 /* NotificationCenter.framework */ = {isa = PBXFileReference; lastKnownFileType = wrapper.framework; name = NotificationCenter.framework; path = System/Library/Frameworks/NotificationCenter.framework; sourceTree = SDKROOT; };
		5295EE0D1A95E647007EF7E7 /* CounterView.swift */ = {isa = PBXFileReference; fileEncoding = 4; lastKnownFileType = sourcecode.swift; path = CounterView.swift; sourceTree = "<group>"; };
		52AC69332154DA7E00E6C833 /* DaysLeftIntent.appex */ = {isa = PBXFileReference; explicitFileType = "wrapper.app-extension"; includeInIndex = 0; path = DaysLeftIntent.appex; sourceTree = BUILT_PRODUCTS_DIR; };
		52AC69352154DA7E00E6C833 /* IntentHandler.swift */ = {isa = PBXFileReference; lastKnownFileType = sourcecode.swift; path = IntentHandler.swift; sourceTree = "<group>"; };
		52AC69372154DA7E00E6C833 /* Info.plist */ = {isa = PBXFileReference; lastKnownFileType = text.plist.xml; path = Info.plist; sourceTree = "<group>"; };
		52AC693C2154DA7E00E6C833 /* DaysLeftIntentUI.appex */ = {isa = PBXFileReference; explicitFileType = "wrapper.app-extension"; includeInIndex = 0; path = DaysLeftIntentUI.appex; sourceTree = BUILT_PRODUCTS_DIR; };
		52AC693D2154DA7E00E6C833 /* IntentsUI.framework */ = {isa = PBXFileReference; lastKnownFileType = wrapper.framework; name = IntentsUI.framework; path = System/Library/Frameworks/IntentsUI.framework; sourceTree = SDKROOT; };
		52AC69402154DA7E00E6C833 /* IntentViewController.swift */ = {isa = PBXFileReference; lastKnownFileType = sourcecode.swift; path = IntentViewController.swift; sourceTree = "<group>"; };
		52AC69432154DA7E00E6C833 /* Base */ = {isa = PBXFileReference; lastKnownFileType = file.storyboard; name = Base; path = Base.lproj/MainInterface.storyboard; sourceTree = "<group>"; };
		52AC69452154DA7F00E6C833 /* Info.plist */ = {isa = PBXFileReference; lastKnownFileType = text.plist.xml; path = Info.plist; sourceTree = "<group>"; };
		52AC69522154DAFB00E6C833 /* Intents.intentdefinition */ = {isa = PBXFileReference; lastKnownFileType = file.intentdefinition; path = Intents.intentdefinition; sourceTree = "<group>"; };
		52AC695B2154DEB700E6C833 /* DaysLeftIntentHandler.swift */ = {isa = PBXFileReference; lastKnownFileType = sourcecode.swift; path = DaysLeftIntentHandler.swift; sourceTree = "<group>"; };
		52AC695F2154E4A300E6C833 /* DaysLeftIntent.entitlements */ = {isa = PBXFileReference; lastKnownFileType = text.plist.entitlements; path = DaysLeftIntent.entitlements; sourceTree = "<group>"; };
		52AC69602154E4AB00E6C833 /* DaysLeftIntentUI.entitlements */ = {isa = PBXFileReference; lastKnownFileType = text.plist.entitlements; path = DaysLeftIntentUI.entitlements; sourceTree = "<group>"; };
		52B78DF31D982A6E00AB629D /* Messages.framework */ = {isa = PBXFileReference; lastKnownFileType = wrapper.framework; name = Messages.framework; path = System/Library/Frameworks/Messages.framework; sourceTree = SDKROOT; };
		52B78E091D98388D00AB629D /* WatchKit.framework */ = {isa = PBXFileReference; lastKnownFileType = wrapper.framework; name = WatchKit.framework; path = System/Library/Frameworks/WatchKit.framework; sourceTree = SDKROOT; };
		52B78E0B1D9838B800AB629D /* WatchConnectivity.framework */ = {isa = PBXFileReference; lastKnownFileType = wrapper.framework; name = WatchConnectivity.framework; path = System/Library/Frameworks/WatchConnectivity.framework; sourceTree = SDKROOT; };
		52B7E8771ABEDE9300E1949C /* DaysLeft WatchKit Extension.appex */ = {isa = PBXFileReference; explicitFileType = "wrapper.app-extension"; includeInIndex = 0; path = "DaysLeft WatchKit Extension.appex"; sourceTree = BUILT_PRODUCTS_DIR; };
		52B7E87A1ABEDE9300E1949C /* Info.plist */ = {isa = PBXFileReference; lastKnownFileType = text.plist.xml; path = Info.plist; sourceTree = "<group>"; };
		52B7E87D1ABEDE9300E1949C /* Media.xcassets */ = {isa = PBXFileReference; lastKnownFileType = folder.assetcatalog; path = Media.xcassets; sourceTree = "<group>"; };
		52B7E8811ABEDE9300E1949C /* DaysLeft WatchKit App.app */ = {isa = PBXFileReference; explicitFileType = wrapper.application; includeInIndex = 0; path = "DaysLeft WatchKit App.app"; sourceTree = BUILT_PRODUCTS_DIR; };
		52B7E8871ABEDE9300E1949C /* Info.plist */ = {isa = PBXFileReference; lastKnownFileType = text.plist.xml; path = Info.plist; sourceTree = "<group>"; };
		52B7E8891ABEDE9300E1949C /* Base */ = {isa = PBXFileReference; lastKnownFileType = file.storyboard; name = Base; path = Base.lproj/Interface.storyboard; sourceTree = "<group>"; };
		52B7E88B1ABEDE9300E1949C /* Images.xcassets */ = {isa = PBXFileReference; lastKnownFileType = folder.assetcatalog; path = Images.xcassets; sourceTree = "<group>"; };
		52B7E8961ABEDEDE00E1949C /* daysleft WatchKit Extension.entitlements */ = {isa = PBXFileReference; lastKnownFileType = text.xml; path = "daysleft WatchKit Extension.entitlements"; sourceTree = "<group>"; };
		52B7E8981ABEEA2200E1949C /* DefaultPreferences.plist */ = {isa = PBXFileReference; fileEncoding = 4; lastKnownFileType = text.plist.xml; path = DefaultPreferences.plist; sourceTree = "<group>"; };
		52BC1118237C45BC005EC3F7 /* InterfaceHostController.swift */ = {isa = PBXFileReference; lastKnownFileType = sourcecode.swift; path = InterfaceHostController.swift; sourceTree = "<group>"; };
		52BC111A237C461C005EC3F7 /* WatchView.swift */ = {isa = PBXFileReference; lastKnownFileType = sourcecode.swift; path = WatchView.swift; sourceTree = "<group>"; };
		52BC111E237C4AD0005EC3F7 /* DaysLeftViewModel.swift */ = {isa = PBXFileReference; lastKnownFileType = sourcecode.swift; path = DaysLeftViewModel.swift; sourceTree = "<group>"; };
		52C595301E952667006C5269 /* StoreKit.framework */ = {isa = PBXFileReference; lastKnownFileType = wrapper.framework; name = StoreKit.framework; path = System/Library/Frameworks/StoreKit.framework; sourceTree = SDKROOT; };
		52CBC79928D9DF1000C89F20 /* CloudKeyValueDataProvider.swift */ = {isa = PBXFileReference; lastKnownFileType = sourcecode.swift; path = CloudKeyValueDataProvider.swift; sourceTree = "<group>"; };
		52CBC79F28D9E01700C89F20 /* DataProviderProtocol.swift */ = {isa = PBXFileReference; lastKnownFileType = sourcecode.swift; path = DataProviderProtocol.swift; sourceTree = "<group>"; };
		52CBC7A528D9E1F000C89F20 /* InMemoryDataProvider.swift */ = {isa = PBXFileReference; lastKnownFileType = sourcecode.swift; path = InMemoryDataProvider.swift; sourceTree = "<group>"; };
		52CBC7AD28D9EE6700C89F20 /* AppSettings+Text.swift */ = {isa = PBXFileReference; lastKnownFileType = sourcecode.swift; path = "AppSettings+Text.swift"; sourceTree = "<group>"; };
		52CBC7B428D9FBE000C89F20 /* AppSettings+DayCalculations.swift */ = {isa = PBXFileReference; lastKnownFileType = sourcecode.swift; path = "AppSettings+DayCalculations.swift"; sourceTree = "<group>"; };
		52CBC7BD28DAF84500C89F20 /* CircularProgressView.swift */ = {isa = PBXFileReference; lastKnownFileType = sourcecode.swift; path = CircularProgressView.swift; sourceTree = "<group>"; };
		52CBC7C528DB0CA300C89F20 /* MainViewHostingController.swift */ = {isa = PBXFileReference; lastKnownFileType = sourcecode.swift; path = MainViewHostingController.swift; sourceTree = "<group>"; };
		52CBC7C728DB0D0900C89F20 /* MainView.swift */ = {isa = PBXFileReference; lastKnownFileType = sourcecode.swift; path = MainView.swift; sourceTree = "<group>"; };
		52CFBEF81A8B631B005234FB /* DaysLeft.app */ = {isa = PBXFileReference; explicitFileType = wrapper.application; includeInIndex = 0; path = DaysLeft.app; sourceTree = BUILT_PRODUCTS_DIR; };
		52CFBEFC1A8B631B005234FB /* Info.plist */ = {isa = PBXFileReference; lastKnownFileType = text.plist.xml; path = Info.plist; sourceTree = "<group>"; };
		52CFBEFD1A8B631B005234FB /* AppDelegate.swift */ = {isa = PBXFileReference; lastKnownFileType = sourcecode.swift; path = AppDelegate.swift; sourceTree = "<group>"; };
		52CFBF041A8B631B005234FB /* Media.xcassets */ = {isa = PBXFileReference; lastKnownFileType = folder.assetcatalog; path = Media.xcassets; sourceTree = "<group>"; };
		52CFBF131A8B631B005234FB /* DaysLeftTests.swift */ = {isa = PBXFileReference; lastKnownFileType = sourcecode.swift; path = DaysLeftTests.swift; sourceTree = "<group>"; };
		52D25F3B1BCB8595002E4C76 /* ComplicationsDataSource.swift */ = {isa = PBXFileReference; fileEncoding = 4; lastKnownFileType = sourcecode.swift; path = ComplicationsDataSource.swift; sourceTree = "<group>"; };
		52D617B024D06F9000465F4C /* MenuBuilder.swift */ = {isa = PBXFileReference; lastKnownFileType = sourcecode.swift; path = MenuBuilder.swift; sourceTree = "<group>"; };
		52DC5ACF28DB3EE300AFF24D /* SettingsViewModel.swift */ = {isa = PBXFileReference; lastKnownFileType = sourcecode.swift; path = SettingsViewModel.swift; sourceTree = "<group>"; };
		52DC5AD128DB431900AFF24D /* SettingsViewHostingController.swift */ = {isa = PBXFileReference; lastKnownFileType = sourcecode.swift; path = SettingsViewHostingController.swift; sourceTree = "<group>"; };
		52DC5AD328DB43CE00AFF24D /* SettingsView.swift */ = {isa = PBXFileReference; lastKnownFileType = sourcecode.swift; path = SettingsView.swift; sourceTree = "<group>"; };
		52DC9EB21FC97A3200AE02F6 /* GoogleService-Info.plist */ = {isa = PBXFileReference; fileEncoding = 4; lastKnownFileType = text.plist.xml; path = "GoogleService-Info.plist"; sourceTree = "<group>"; };
		52DC9EB41FC97A9200AE02F6 /* FirebaseNotifications.swift */ = {isa = PBXFileReference; lastKnownFileType = sourcecode.swift; path = FirebaseNotifications.swift; sourceTree = "<group>"; };
		52E048A025077AFB009A2169 /* DaysLeftWidgetExtension.appex */ = {isa = PBXFileReference; explicitFileType = "wrapper.app-extension"; includeInIndex = 0; path = DaysLeftWidgetExtension.appex; sourceTree = BUILT_PRODUCTS_DIR; };
		52E048A125077AFB009A2169 /* WidgetKit.framework */ = {isa = PBXFileReference; lastKnownFileType = wrapper.framework; name = WidgetKit.framework; path = System/Library/Frameworks/WidgetKit.framework; sourceTree = SDKROOT; };
		52E048A325077AFB009A2169 /* SwiftUI.framework */ = {isa = PBXFileReference; lastKnownFileType = wrapper.framework; name = SwiftUI.framework; path = System/Library/Frameworks/SwiftUI.framework; sourceTree = SDKROOT; };
		52E048A625077AFB009A2169 /* DaysLeftWidget.swift */ = {isa = PBXFileReference; lastKnownFileType = sourcecode.swift; path = DaysLeftWidget.swift; sourceTree = "<group>"; };
		52E048A825077AFE009A2169 /* Assets.xcassets */ = {isa = PBXFileReference; lastKnownFileType = folder.assetcatalog; path = Assets.xcassets; sourceTree = "<group>"; };
		52E048AA25077AFE009A2169 /* Info.plist */ = {isa = PBXFileReference; lastKnownFileType = text.plist.xml; path = Info.plist; sourceTree = "<group>"; };
		52E048AE25077AFF009A2169 /* DaysLeftWidgetExtension.entitlements */ = {isa = PBXFileReference; lastKnownFileType = text.plist.entitlements; path = DaysLeftWidgetExtension.entitlements; sourceTree = "<group>"; };
		52E048B225077E1C009A2169 /* WidgetView.swift */ = {isa = PBXFileReference; lastKnownFileType = sourcecode.swift; path = WidgetView.swift; sourceTree = "<group>"; };
		52E048B425077E6A009A2169 /* WidgetDaysLeftData.swift */ = {isa = PBXFileReference; lastKnownFileType = sourcecode.swift; path = WidgetDaysLeftData.swift; sourceTree = "<group>"; };
		52E048B925077F87009A2169 /* WidgetProgressControl.swift */ = {isa = PBXFileReference; lastKnownFileType = sourcecode.swift; path = WidgetProgressControl.swift; sourceTree = "<group>"; };
		52E048BE2507A57E009A2169 /* WidgetTimelineProvider.swift */ = {isa = PBXFileReference; lastKnownFileType = sourcecode.swift; path = WidgetTimelineProvider.swift; sourceTree = "<group>"; };
		52F9CDAB22D63D1900E0FFE8 /* SceneDelegate.swift */ = {isa = PBXFileReference; fileEncoding = 4; lastKnownFileType = sourcecode.swift; path = SceneDelegate.swift; sourceTree = "<group>"; };
		52FAB11A1A923F500039691E /* daysleft.entitlements */ = {isa = PBXFileReference; lastKnownFileType = text.xml; path = daysleft.entitlements; sourceTree = "<group>"; };
		52FAB11B1A9240490039691E /* DefaultPreferences.plist */ = {isa = PBXFileReference; fileEncoding = 4; lastKnownFileType = text.plist.xml; path = DefaultPreferences.plist; sourceTree = "<group>"; };
		52FC401327AABAD9005DAD8C /* AnalyticsManager.swift */ = {isa = PBXFileReference; lastKnownFileType = sourcecode.swift; path = AnalyticsManager.swift; sourceTree = "<group>"; };
/* End PBXFileReference section */

/* Begin PBXFrameworksBuildPhase section */
		20118CCB11B59DAA0A7CA7B7 /* Frameworks */ = {
			isa = PBXFrameworksBuildPhase;
			buildActionMask = 2147483647;
			files = (
			);
			runOnlyForDeploymentPostprocessing = 0;
		};
		5295EDD71A94AE53007EF7E7 /* Frameworks */ = {
			isa = PBXFrameworksBuildPhase;
			buildActionMask = 2147483647;
			files = (
			);
			runOnlyForDeploymentPostprocessing = 0;
		};
		52AC69302154DA7E00E6C833 /* Frameworks */ = {
			isa = PBXFrameworksBuildPhase;
			buildActionMask = 2147483647;
			files = (
			);
			runOnlyForDeploymentPostprocessing = 0;
		};
		52AC69392154DA7E00E6C833 /* Frameworks */ = {
			isa = PBXFrameworksBuildPhase;
			buildActionMask = 2147483647;
			files = (
				52AC693E2154DA7E00E6C833 /* IntentsUI.framework in Frameworks */,
			);
			runOnlyForDeploymentPostprocessing = 0;
		};
		52B7E8741ABEDE9300E1949C /* Frameworks */ = {
			isa = PBXFrameworksBuildPhase;
			buildActionMask = 2147483647;
			files = (
			);
			runOnlyForDeploymentPostprocessing = 0;
		};
		52CFBEF51A8B631B005234FB /* Frameworks */ = {
			isa = PBXFrameworksBuildPhase;
			buildActionMask = 2147483647;
			files = (
				52FC400D27AA8B1B005DAD8C /* FirebaseMessaging in Frameworks */,
				52FC401127AA8F04005DAD8C /* FirebaseCrashlytics in Frameworks */,
				52C595311E952667006C5269 /* StoreKit.framework in Frameworks */,
				52FC400F27AA8EFC005DAD8C /* FirebaseAnalyticsWithoutAdIdSupport in Frameworks */,
			);
			runOnlyForDeploymentPostprocessing = 0;
		};
		52E0489D25077AFB009A2169 /* Frameworks */ = {
			isa = PBXFrameworksBuildPhase;
			buildActionMask = 2147483647;
			files = (
				52E048A425077AFB009A2169 /* SwiftUI.framework in Frameworks */,
				52E048A225077AFB009A2169 /* WidgetKit.framework in Frameworks */,
			);
			runOnlyForDeploymentPostprocessing = 0;
		};
/* End PBXFrameworksBuildPhase section */

/* Begin PBXGroup section */
		5208B83128D870BF007BB75C /* Data Managers */ = {
			isa = PBXGroup;
			children = (
				52FC401327AABAD9005DAD8C /* AnalyticsManager.swift */,
				5240F1E428D9B6CB00B95FE5 /* AppSettingsDataManager.swift */,
				52DC9EB41FC97A9200AE02F6 /* FirebaseNotifications.swift */,
			);
			path = "Data Managers";
			sourceTree = "<group>";
		};
		5208B83228D870F8007BB75C /* Assets */ = {
			isa = PBXGroup;
			children = (
				52790F781D056F500025AF10 /* daysleft-Bridging-Header.h */,
				52FAB11A1A923F500039691E /* daysleft.entitlements */,
				52FAB11B1A9240490039691E /* DefaultPreferences.plist */,
				527E153F1D83F80300D81B15 /* gallery.ckcomplication */,
				52DC9EB21FC97A3200AE02F6 /* GoogleService-Info.plist */,
				52CFBEFC1A8B631B005234FB /* Info.plist */,
				52AC69522154DAFB00E6C833 /* Intents.intentdefinition */,
				52CFBF041A8B631B005234FB /* Media.xcassets */,
			);
			name = Assets;
			sourceTree = "<group>";
		};
		5208B83328D87199007BB75C /* View Controllers */ = {
			isa = PBXGroup;
			children = (
				52CBC7C428DB0C5D00C89F20 /* Hosting */,
			);
			path = "View Controllers";
			sourceTree = "<group>";
		};
		5208B83428D871E6007BB75C /* View Models */ = {
			isa = PBXGroup;
			children = (
				52BC111E237C4AD0005EC3F7 /* DaysLeftViewModel.swift */,
				52DC5ACF28DB3EE300AFF24D /* SettingsViewModel.swift */,
			);
			path = "View Models";
			sourceTree = "<group>";
		};
		5208B83528D871F4007BB75C /* iOS */ = {
			isa = PBXGroup;
			children = (
				52CFBEFD1A8B631B005234FB /* AppDelegate.swift */,
				52F9CDAB22D63D1900E0FFE8 /* SceneDelegate.swift */,
			);
			path = iOS;
			sourceTree = "<group>";
		};
		5208B83628D87203007BB75C /* Mac */ = {
			isa = PBXGroup;
			children = (
				52D617B024D06F9000465F4C /* MenuBuilder.swift */,
			);
			path = Mac;
			sourceTree = "<group>";
		};
		5208B83728D872F9007BB75C /* Models */ = {
			isa = PBXGroup;
			children = (
				5240F1EA28D9BE1A00B95FE5 /* AppSettings.swift */,
				5240F1F028D9C25700B95FE5 /* AppControlSettings.swift */,
			);
			path = Models;
			sourceTree = "<group>";
		};
		5208B83928D87324007BB75C /* Views */ = {
			isa = PBXGroup;
			children = (
				52CBC7BD28DAF84500C89F20 /* CircularProgressView.swift */,
				52CBC7C728DB0D0900C89F20 /* MainView.swift */,
				52DC5AD328DB43CE00AFF24D /* SettingsView.swift */,
			);
			path = Views;
			sourceTree = "<group>";
		};
		5208B84428D8757D007BB75C /* Unit Tests */ = {
			isa = PBXGroup;
			children = (
				52CFBF131A8B631B005234FB /* DaysLeftTests.swift */,
				5208B84728D87679007BB75C /* Info.plist */,
			);
			path = "Unit Tests";
			sourceTree = "<group>";
		};
		5208B84A28D87933007BB75C /* Views */ = {
			isa = PBXGroup;
			children = (
				52BC111A237C461C005EC3F7 /* WatchView.swift */,
			);
			name = Views;
			sourceTree = "<group>";
		};
		5208B84B28D8794E007BB75C /* Host Controllers */ = {
			isa = PBXGroup;
			children = (
				52BC1118237C45BC005EC3F7 /* InterfaceHostController.swift */,
			);
			name = "Host Controllers";
			sourceTree = "<group>";
		};
		5208B84D28D87992007BB75C /* Assets */ = {
			isa = PBXGroup;
			children = (
				52B7E8961ABEDEDE00E1949C /* daysleft WatchKit Extension.entitlements */,
				52B7E8981ABEEA2200E1949C /* DefaultPreferences.plist */,
				52B7E87A1ABEDE9300E1949C /* Info.plist */,
				52B7E87D1ABEDE9300E1949C /* Media.xcassets */,
			);
			name = Assets;
			sourceTree = "<group>";
		};
		5208B84E28D879E6007BB75C /* Assets */ = {
			isa = PBXGroup;
			children = (
				52E048A825077AFE009A2169 /* Assets.xcassets */,
				52E048AE25077AFF009A2169 /* DaysLeftWidgetExtension.entitlements */,
				52E048AA25077AFE009A2169 /* Info.plist */,
			);
			path = Assets;
			sourceTree = "<group>";
		};
		5208B84F28D87A05007BB75C /* Views */ = {
			isa = PBXGroup;
			children = (
				52E048B925077F87009A2169 /* WidgetProgressControl.swift */,
				52E048B225077E1C009A2169 /* WidgetView.swift */,
			);
			path = Views;
			sourceTree = "<group>";
		};
		5240F1CE28D8C19E00B95FE5 /* Model Extensions */ = {
			isa = PBXGroup;
			children = (
				52CBC7B428D9FBE000C89F20 /* AppSettings+DayCalculations.swift */,
				52CBC7AD28D9EE6700C89F20 /* AppSettings+Text.swift */,
				5240F1CF28D8C1BC00B95FE5 /* Date+Helpers.swift */,
			);
			path = "Model Extensions";
			sourceTree = "<group>";
		};
		5295EDF91A94B398007EF7E7 /* Frameworks */ = {
			isa = PBXGroup;
			children = (
				52AC693D2154DA7E00E6C833 /* IntentsUI.framework */,
				52B78DF31D982A6E00AB629D /* Messages.framework */,
				5295EDFA1A94B398007EF7E7 /* NotificationCenter.framework */,
				52C595301E952667006C5269 /* StoreKit.framework */,
				52E048A325077AFB009A2169 /* SwiftUI.framework */,
				52B78E0B1D9838B800AB629D /* WatchConnectivity.framework */,
				52B78E091D98388D00AB629D /* WatchKit.framework */,
				52E048A125077AFB009A2169 /* WidgetKit.framework */,
			);
			name = Frameworks;
			sourceTree = "<group>";
		};
		52AC69342154DA7E00E6C833 /* DaysLeftIntent */ = {
			isa = PBXGroup;
			children = (
				52AC695F2154E4A300E6C833 /* DaysLeftIntent.entitlements */,
				52AC695B2154DEB700E6C833 /* DaysLeftIntentHandler.swift */,
				52AC69372154DA7E00E6C833 /* Info.plist */,
				52AC69352154DA7E00E6C833 /* IntentHandler.swift */,
			);
			path = DaysLeftIntent;
			sourceTree = "<group>";
		};
		52AC693F2154DA7E00E6C833 /* DaysLeftIntentUI */ = {
			isa = PBXGroup;
			children = (
				52AC69602154E4AB00E6C833 /* DaysLeftIntentUI.entitlements */,
				52AC69452154DA7F00E6C833 /* Info.plist */,
				52AC69402154DA7E00E6C833 /* IntentViewController.swift */,
				5295EE0D1A95E647007EF7E7 /* CounterView.swift */,
				52AC69422154DA7E00E6C833 /* MainInterface.storyboard */,
			);
			path = DaysLeftIntentUI;
			sourceTree = "<group>";
		};
		52B7E8781ABEDE9300E1949C /* daysleft WatchKit Extension */ = {
			isa = PBXGroup;
			children = (
				5208B84D28D87992007BB75C /* Assets */,
				52D25F3B1BCB8595002E4C76 /* ComplicationsDataSource.swift */,
				5234436C1BBB181C00E95BA4 /* ExtensionDelegate.swift */,
				5208B84B28D8794E007BB75C /* Host Controllers */,
				5208B84A28D87933007BB75C /* Views */,
			);
			path = "daysleft WatchKit Extension";
			sourceTree = "<group>";
		};
		52B7E8851ABEDE9300E1949C /* daysleft WatchKit App */ = {
			isa = PBXGroup;
			children = (
				5234436B1BBB00B800E95BA4 /* daysleft WatchKit App.entitlements */,
				52B7E8881ABEDE9300E1949C /* Interface.storyboard */,
				52B7E88B1ABEDE9300E1949C /* Images.xcassets */,
				52B7E8861ABEDE9300E1949C /* Supporting Files */,
			);
			path = "daysleft WatchKit App";
			sourceTree = "<group>";
		};
		52B7E8861ABEDE9300E1949C /* Supporting Files */ = {
			isa = PBXGroup;
			children = (
				52B7E8871ABEDE9300E1949C /* Info.plist */,
			);
			name = "Supporting Files";
			sourceTree = "<group>";
		};
		52CBC79828D9DEE700C89F20 /* Data Providers */ = {
			isa = PBXGroup;
			children = (
				52CBC79928D9DF1000C89F20 /* CloudKeyValueDataProvider.swift */,
				52CBC79F28D9E01700C89F20 /* DataProviderProtocol.swift */,
				52CBC7A528D9E1F000C89F20 /* InMemoryDataProvider.swift */,
			);
			path = "Data Providers";
			sourceTree = "<group>";
		};
		52CBC7C428DB0C5D00C89F20 /* Hosting */ = {
			isa = PBXGroup;
			children = (
				52CBC7C528DB0CA300C89F20 /* MainViewHostingController.swift */,
				52DC5AD128DB431900AFF24D /* SettingsViewHostingController.swift */,
			);
			path = Hosting;
			sourceTree = "<group>";
		};
		52CFBEEF1A8B631B005234FB = {
			isa = PBXGroup;
			children = (
				52CFBEFA1A8B631B005234FB /* daysleft */,
				52B7E8851ABEDE9300E1949C /* daysleft WatchKit App */,
				52B7E8781ABEDE9300E1949C /* daysleft WatchKit Extension */,
				52AC69342154DA7E00E6C833 /* DaysLeftIntent */,
				52AC693F2154DA7E00E6C833 /* DaysLeftIntentUI */,
				52E048A525077AFB009A2169 /* DaysLeftWidget */,
				5295EDF91A94B398007EF7E7 /* Frameworks */,
				52CFBEF91A8B631B005234FB /* Products */,
				5208B84428D8757D007BB75C /* Unit Tests */,
			);
			sourceTree = "<group>";
		};
		52CFBEF91A8B631B005234FB /* Products */ = {
			isa = PBXGroup;
			children = (
				52CFBEF81A8B631B005234FB /* DaysLeft.app */,
				5295EDDA1A94AE53007EF7E7 /* DaysLeftTests.xctest */,
				52B7E8771ABEDE9300E1949C /* DaysLeft WatchKit Extension.appex */,
				52B7E8811ABEDE9300E1949C /* DaysLeft WatchKit App.app */,
				52AC69332154DA7E00E6C833 /* DaysLeftIntent.appex */,
				52AC693C2154DA7E00E6C833 /* DaysLeftIntentUI.appex */,
				52E048A025077AFB009A2169 /* DaysLeftWidgetExtension.appex */,
			);
			name = Products;
			sourceTree = "<group>";
		};
		52CFBEFA1A8B631B005234FB /* daysleft */ = {
			isa = PBXGroup;
			children = (
				5208B83228D870F8007BB75C /* Assets */,
				5208B83128D870BF007BB75C /* Data Managers */,
				52CBC79828D9DEE700C89F20 /* Data Providers */,
				5208B83528D871F4007BB75C /* iOS */,
				5208B83628D87203007BB75C /* Mac */,
				5240F1CE28D8C19E00B95FE5 /* Model Extensions */,
				5208B83728D872F9007BB75C /* Models */,
				5208B83328D87199007BB75C /* View Controllers */,
				5208B83428D871E6007BB75C /* View Models */,
				5208B83928D87324007BB75C /* Views */,
			);
			path = daysleft;
			sourceTree = "<group>";
		};
		52E048A525077AFB009A2169 /* DaysLeftWidget */ = {
			isa = PBXGroup;
			children = (
				5208B84E28D879E6007BB75C /* Assets */,
				52E048A625077AFB009A2169 /* DaysLeftWidget.swift */,
				5208B84F28D87A05007BB75C /* Views */,
				52E048B425077E6A009A2169 /* WidgetDaysLeftData.swift */,
				52E048BE2507A57E009A2169 /* WidgetTimelineProvider.swift */,
			);
			path = DaysLeftWidget;
			sourceTree = "<group>";
		};
/* End PBXGroup section */

/* Begin PBXNativeTarget section */
		5295EDD91A94AE53007EF7E7 /* DaysLeftTests */ = {
			isa = PBXNativeTarget;
			buildConfigurationList = 5295EDEF1A94AE53007EF7E7 /* Build configuration list for PBXNativeTarget "DaysLeftTests" */;
			buildPhases = (
				5295EDD61A94AE53007EF7E7 /* Sources */,
				5295EDD71A94AE53007EF7E7 /* Frameworks */,
			);
			buildRules = (
			);
			dependencies = (
				5295EDDF1A94AE53007EF7E7 /* PBXTargetDependency */,
			);
			name = DaysLeftTests;
			productName = daysleftlibraryTests;
			productReference = 5295EDDA1A94AE53007EF7E7 /* DaysLeftTests.xctest */;
			productType = "com.apple.product-type.bundle.unit-test";
		};
		52AC69322154DA7E00E6C833 /* DaysLeftIntent */ = {
			isa = PBXNativeTarget;
			buildConfigurationList = 52AC694F2154DA7F00E6C833 /* Build configuration list for PBXNativeTarget "DaysLeftIntent" */;
			buildPhases = (
				52AC692F2154DA7E00E6C833 /* Sources */,
				52AC69302154DA7E00E6C833 /* Frameworks */,
				52AC69312154DA7E00E6C833 /* Resources */,
			);
			buildRules = (
			);
			dependencies = (
			);
			name = DaysLeftIntent;
			productName = DaysLeftIntent;
			productReference = 52AC69332154DA7E00E6C833 /* DaysLeftIntent.appex */;
			productType = "com.apple.product-type.app-extension";
		};
		52AC693B2154DA7E00E6C833 /* DaysLeftIntentUI */ = {
			isa = PBXNativeTarget;
			buildConfigurationList = 52AC694C2154DA7F00E6C833 /* Build configuration list for PBXNativeTarget "DaysLeftIntentUI" */;
			buildPhases = (
				52AC69382154DA7E00E6C833 /* Sources */,
				52AC69392154DA7E00E6C833 /* Frameworks */,
				52AC693A2154DA7E00E6C833 /* Resources */,
			);
			buildRules = (
			);
			dependencies = (
			);
			name = DaysLeftIntentUI;
			productName = DaysLeftIntentUI;
			productReference = 52AC693C2154DA7E00E6C833 /* DaysLeftIntentUI.appex */;
			productType = "com.apple.product-type.app-extension";
		};
		52B7E8761ABEDE9300E1949C /* DaysLeft WatchKit Extension */ = {
			isa = PBXNativeTarget;
			buildConfigurationList = 52B7E8951ABEDE9300E1949C /* Build configuration list for PBXNativeTarget "DaysLeft WatchKit Extension" */;
			buildPhases = (
				52B7E8731ABEDE9300E1949C /* Sources */,
				52B7E8741ABEDE9300E1949C /* Frameworks */,
				52B7E8751ABEDE9300E1949C /* Resources */,
			);
			buildRules = (
			);
			dependencies = (
			);
			name = "DaysLeft WatchKit Extension";
			productName = "daysleft WatchKit Extension";
			productReference = 52B7E8771ABEDE9300E1949C /* DaysLeft WatchKit Extension.appex */;
			productType = "com.apple.product-type.watchkit2-extension";
		};
		52B7E8801ABEDE9300E1949C /* DaysLeft WatchKit App */ = {
			isa = PBXNativeTarget;
			buildConfigurationList = 52B7E8941ABEDE9300E1949C /* Build configuration list for PBXNativeTarget "DaysLeft WatchKit App" */;
			buildPhases = (
				52B7E87F1ABEDE9300E1949C /* Resources */,
				523443671BBAFBEF00E95BA4 /* Embed Foundation Extensions */,
				20118CCB11B59DAA0A7CA7B7 /* Frameworks */,
			);
			buildRules = (
			);
			dependencies = (
				523443621BBAFBEF00E95BA4 /* PBXTargetDependency */,
			);
			name = "DaysLeft WatchKit App";
			productName = "daysleft WatchKit App";
			productReference = 52B7E8811ABEDE9300E1949C /* DaysLeft WatchKit App.app */;
			productType = "com.apple.product-type.application.watchapp2";
		};
		52CFBEF71A8B631B005234FB /* DaysLeft */ = {
			isa = PBXNativeTarget;
			buildConfigurationList = 52CFBF171A8B631B005234FB /* Build configuration list for PBXNativeTarget "DaysLeft" */;
			buildPhases = (
				52CFBEF41A8B631B005234FB /* Sources */,
				52CFBEF51A8B631B005234FB /* Frameworks */,
				52CFBEF61A8B631B005234FB /* Resources */,
				5295EDE81A94AE53007EF7E7 /* Embed Frameworks */,
				5295EE091A94B398007EF7E7 /* Embed Foundation Extensions */,
				521B9C4022C8E0B300185CF4 /* Swift Lint */,
				523443681BBAFBEF00E95BA4 /* Embed Watch Content */,
				52FC401227AA97EE005DAD8C /* Upload dSYM files to Crashlytics */,
			);
			buildRules = (
			);
			dependencies = (
				523443651BBAFBEF00E95BA4 /* PBXTargetDependency */,
				52AC69472154DA7F00E6C833 /* PBXTargetDependency */,
				52AC694A2154DA7F00E6C833 /* PBXTargetDependency */,
				52E048AC25077AFE009A2169 /* PBXTargetDependency */,
			);
			name = DaysLeft;
			packageProductDependencies = (
				52FC400C27AA8B1B005DAD8C /* FirebaseMessaging */,
				52FC400E27AA8EFC005DAD8C /* FirebaseAnalyticsWithoutAdIdSupport */,
				52FC401027AA8F04005DAD8C /* FirebaseCrashlytics */,
			);
			productName = daysleft;
			productReference = 52CFBEF81A8B631B005234FB /* DaysLeft.app */;
			productType = "com.apple.product-type.application";
		};
		52E0489F25077AFB009A2169 /* DaysLeftWidgetExtension */ = {
			isa = PBXNativeTarget;
			buildConfigurationList = 52E048B125077AFF009A2169 /* Build configuration list for PBXNativeTarget "DaysLeftWidgetExtension" */;
			buildPhases = (
				52E0489C25077AFB009A2169 /* Sources */,
				52E0489D25077AFB009A2169 /* Frameworks */,
				52E0489E25077AFB009A2169 /* Resources */,
			);
			buildRules = (
			);
			dependencies = (
			);
			name = DaysLeftWidgetExtension;
			productName = DaysLeftWidgetExtension;
			productReference = 52E048A025077AFB009A2169 /* DaysLeftWidgetExtension.appex */;
			productType = "com.apple.product-type.app-extension";
		};
/* End PBXNativeTarget section */

/* Begin PBXProject section */
		52CFBEF01A8B631B005234FB /* Project object */ = {
			isa = PBXProject;
			attributes = {
				LastSwiftUpdateCheck = 1200;
				LastUpgradeCheck = 1400;
				ORGANIZATIONNAME = "Brave Location Software";
				TargetAttributes = {
					5295EDD91A94AE53007EF7E7 = {
						CreatedOnToolsVersion = 6.3;
						DevelopmentTeam = W8B3V597R9;
						LastSwiftMigration = 1020;
						TestTargetID = 52CFBEF71A8B631B005234FB;
					};
					52AC69322154DA7E00E6C833 = {
						CreatedOnToolsVersion = 10.0;
						DevelopmentTeam = W8B3V597R9;
						LastSwiftMigration = 1020;
						ProvisioningStyle = Automatic;
						SystemCapabilities = {
							com.apple.ApplicationGroups.iOS = {
								enabled = 1;
							};
						};
					};
					52AC693B2154DA7E00E6C833 = {
						CreatedOnToolsVersion = 10.0;
						DevelopmentTeam = W8B3V597R9;
						LastSwiftMigration = 1020;
						ProvisioningStyle = Automatic;
						SystemCapabilities = {
							com.apple.ApplicationGroups.iOS = {
								enabled = 1;
							};
						};
					};
					52B7E8761ABEDE9300E1949C = {
						CreatedOnToolsVersion = 6.2;
						DevelopmentTeam = W8B3V597R9;
						LastSwiftMigration = 1020;
						SystemCapabilities = {
							com.apple.ApplicationGroups.iOS = {
								enabled = 1;
							};
							com.apple.iCloud = {
								enabled = 1;
							};
						};
					};
					52B7E8801ABEDE9300E1949C = {
						CreatedOnToolsVersion = 6.2;
						LastSwiftMigration = 0820;
						SystemCapabilities = {
							com.apple.ApplicationGroups.iOS = {
								enabled = 1;
							};
						};
					};
					52CFBEF71A8B631B005234FB = {
						CreatedOnToolsVersion = 6.3;
						DevelopmentTeam = W8B3V597R9;
						LastSwiftMigration = 1020;
						ProvisioningStyle = Automatic;
						SystemCapabilities = {
							com.apple.ApplicationGroups.iOS = {
								enabled = 1;
							};
							com.apple.BackgroundModes = {
								enabled = 1;
							};
							com.apple.InAppPurchase = {
								enabled = 1;
							};
							com.apple.Push = {
								enabled = 1;
							};
							com.apple.Siri = {
								enabled = 1;
							};
							com.apple.iCloud = {
								enabled = 1;
							};
						};
					};
					52E0489F25077AFB009A2169 = {
						CreatedOnToolsVersion = 12.0;
					};
				};
			};
			buildConfigurationList = 52CFBEF31A8B631B005234FB /* Build configuration list for PBXProject "DaysLeft" */;
			compatibilityVersion = "Xcode 10.0";
			developmentRegion = en;
			hasScannedForEncodings = 0;
			knownRegions = (
				en,
				Base,
			);
			mainGroup = 52CFBEEF1A8B631B005234FB;
			packageReferences = (
				52FC400B27AA8B1B005DAD8C /* XCRemoteSwiftPackageReference "firebase-ios-sdk" */,
			);
			productRefGroup = 52CFBEF91A8B631B005234FB /* Products */;
			projectDirPath = "";
			projectRoot = "";
			targets = (
				52CFBEF71A8B631B005234FB /* DaysLeft */,
				5295EDD91A94AE53007EF7E7 /* DaysLeftTests */,
				52B7E8761ABEDE9300E1949C /* DaysLeft WatchKit Extension */,
				52B7E8801ABEDE9300E1949C /* DaysLeft WatchKit App */,
				52AC69322154DA7E00E6C833 /* DaysLeftIntent */,
				52AC693B2154DA7E00E6C833 /* DaysLeftIntentUI */,
				52E0489F25077AFB009A2169 /* DaysLeftWidgetExtension */,
			);
		};
/* End PBXProject section */

/* Begin PBXResourcesBuildPhase section */
		52AC69312154DA7E00E6C833 /* Resources */ = {
			isa = PBXResourcesBuildPhase;
			buildActionMask = 2147483647;
			files = (
				52AC695D2154E42F00E6C833 /* DefaultPreferences.plist in Resources */,
			);
			runOnlyForDeploymentPostprocessing = 0;
		};
		52AC693A2154DA7E00E6C833 /* Resources */ = {
			isa = PBXResourcesBuildPhase;
			buildActionMask = 2147483647;
			files = (
				52AC69442154DA7E00E6C833 /* MainInterface.storyboard in Resources */,
				520F20C3233631E800B1F73F /* Media.xcassets in Resources */,
				52AC695E2154E42F00E6C833 /* DefaultPreferences.plist in Resources */,
			);
			runOnlyForDeploymentPostprocessing = 0;
		};
		52B7E8751ABEDE9300E1949C /* Resources */ = {
			isa = PBXResourcesBuildPhase;
			buildActionMask = 2147483647;
			files = (
				52B7E87E1ABEDE9300E1949C /* Media.xcassets in Resources */,
				52B7E8991ABEEA2200E1949C /* DefaultPreferences.plist in Resources */,
			);
			runOnlyForDeploymentPostprocessing = 0;
		};
		52B7E87F1ABEDE9300E1949C /* Resources */ = {
			isa = PBXResourcesBuildPhase;
			buildActionMask = 2147483647;
			files = (
				52B7E88A1ABEDE9300E1949C /* Interface.storyboard in Resources */,
				52B7E88C1ABEDE9300E1949C /* Images.xcassets in Resources */,
			);
			runOnlyForDeploymentPostprocessing = 0;
		};
		52CFBEF61A8B631B005234FB /* Resources */ = {
			isa = PBXResourcesBuildPhase;
			buildActionMask = 2147483647;
			files = (
				527E15401D83F80300D81B15 /* gallery.ckcomplication in Resources */,
				52FAB11C1A9240490039691E /* DefaultPreferences.plist in Resources */,
				52CFBF051A8B631B005234FB /* Media.xcassets in Resources */,
				52DC9EB31FC97A3200AE02F6 /* GoogleService-Info.plist in Resources */,
			);
			runOnlyForDeploymentPostprocessing = 0;
		};
		52E0489E25077AFB009A2169 /* Resources */ = {
			isa = PBXResourcesBuildPhase;
			buildActionMask = 2147483647;
			files = (
				52E048A925077AFE009A2169 /* Assets.xcassets in Resources */,
				52E048BD2507883A009A2169 /* Media.xcassets in Resources */,
				52E048BC250787F0009A2169 /* DefaultPreferences.plist in Resources */,
			);
			runOnlyForDeploymentPostprocessing = 0;
		};
/* End PBXResourcesBuildPhase section */

/* Begin PBXShellScriptBuildPhase section */
		521B9C4022C8E0B300185CF4 /* Swift Lint */ = {
			isa = PBXShellScriptBuildPhase;
			buildActionMask = 2147483647;
			files = (
			);
			inputFileListPaths = (
			);
			inputPaths = (
			);
			name = "Swift Lint";
			outputFileListPaths = (
			);
			outputPaths = (
			);
			runOnlyForDeploymentPostprocessing = 0;
			shellPath = /bin/sh;
			shellScript = "export PATH=\"$PATH:/opt/homebrew/bin\"\n\nif which swiftlint >/dev/null; then\n  swiftlint --path . --config ./swiftlint.yml\nelse\n  echo \"warning: SwiftLint not installed, download from https://github.com/realm/SwiftLint\"\nfi\n";
		};
		52FC401227AA97EE005DAD8C /* Upload dSYM files to Crashlytics */ = {
			isa = PBXShellScriptBuildPhase;
			buildActionMask = 2147483647;
			files = (
			);
			inputFileListPaths = (
			);
			inputPaths = (
			);
			name = "Upload dSYM files to Crashlytics";
			outputFileListPaths = (
			);
			outputPaths = (
			);
			runOnlyForDeploymentPostprocessing = 0;
			shellPath = /bin/sh;
			shellScript = "\"${BUILD_DIR%/Build/*}/SourcePackages/checkouts/firebase-ios-sdk/Crashlytics/run\"\n";
		};
/* End PBXShellScriptBuildPhase section */

/* Begin PBXSourcesBuildPhase section */
		5295EDD61A94AE53007EF7E7 /* Sources */ = {
			isa = PBXSourcesBuildPhase;
			buildActionMask = 2147483647;
			files = (
				52CBC7A828D9E2B500C89F20 /* AppSettingsDataManager.swift in Sources */,
				52CBC7A728D9E20900C89F20 /* DataProviderProtocol.swift in Sources */,
				52CBC7AF28D9EE6700C89F20 /* AppSettings+Text.swift in Sources */,
				52CBC7A928D9E2E200C89F20 /* AppSettings.swift in Sources */,
				5295EDF01A94AF83007EF7E7 /* DaysLeftTests.swift in Sources */,
				52CBC7B628D9FBE000C89F20 /* AppSettings+DayCalculations.swift in Sources */,
				52CBC7AB28D9E39300C89F20 /* CloudKeyValueDataProvider.swift in Sources */,
				52CBC7A628D9E1F000C89F20 /* InMemoryDataProvider.swift in Sources */,
				52CBC7AA28D9E2E400C89F20 /* AppControlSettings.swift in Sources */,
				5240F1D128D8C1BC00B95FE5 /* Date+Helpers.swift in Sources */,
			);
			runOnlyForDeploymentPostprocessing = 0;
		};
		52AC692F2154DA7E00E6C833 /* Sources */ = {
			isa = PBXSourcesBuildPhase;
			buildActionMask = 2147483647;
			files = (
				52CBC79C28D9DF1000C89F20 /* CloudKeyValueDataProvider.swift in Sources */,
				52AC69542154DC3000E6C833 /* Intents.intentdefinition in Sources */,
				5240F1D328D8C1BC00B95FE5 /* Date+Helpers.swift in Sources */,
				5240F1ED28D9BE1A00B95FE5 /* AppSettings.swift in Sources */,
				52AC695C2154DEB700E6C833 /* DaysLeftIntentHandler.swift in Sources */,
				52CBC7B128D9EE6700C89F20 /* AppSettings+Text.swift in Sources */,
				52AC69362154DA7E00E6C833 /* IntentHandler.swift in Sources */,
				5240F1E728D9B6CB00B95FE5 /* AppSettingsDataManager.swift in Sources */,
				5240F1F328D9C25700B95FE5 /* AppControlSettings.swift in Sources */,
				52CBC7A228D9E01700C89F20 /* DataProviderProtocol.swift in Sources */,
				52CBC7B828D9FBE000C89F20 /* AppSettings+DayCalculations.swift in Sources */,
			);
			runOnlyForDeploymentPostprocessing = 0;
		};
		52AC69382154DA7E00E6C833 /* Sources */ = {
			isa = PBXSourcesBuildPhase;
			buildActionMask = 2147483647;
			files = (
				52AC69552154DC3600E6C833 /* Intents.intentdefinition in Sources */,
				52AC69412154DA7E00E6C833 /* IntentViewController.swift in Sources */,
				5240F1EE28D9BE1A00B95FE5 /* AppSettings.swift in Sources */,
				5240F1D428D8C1BC00B95FE5 /* Date+Helpers.swift in Sources */,
				52CBC7B928D9FBE000C89F20 /* AppSettings+DayCalculations.swift in Sources */,
				52CBC7A328D9E01700C89F20 /* DataProviderProtocol.swift in Sources */,
				52CBC7B228D9EE6700C89F20 /* AppSettings+Text.swift in Sources */,
				52CBC79D28D9DF1000C89F20 /* CloudKeyValueDataProvider.swift in Sources */,
				5208B83D28D87450007BB75C /* CounterView.swift in Sources */,
				5240F1F428D9C25700B95FE5 /* AppControlSettings.swift in Sources */,
				5240F1E828D9B6CB00B95FE5 /* AppSettingsDataManager.swift in Sources */,
			);
			runOnlyForDeploymentPostprocessing = 0;
		};
		52B7E8731ABEDE9300E1949C /* Sources */ = {
			isa = PBXSourcesBuildPhase;
			buildActionMask = 2147483647;
			files = (
				5240F1D228D8C1BC00B95FE5 /* Date+Helpers.swift in Sources */,
				52BC1119237C45BC005EC3F7 /* InterfaceHostController.swift in Sources */,
				52D25F3C1BCB8595002E4C76 /* ComplicationsDataSource.swift in Sources */,
				52CBC7A128D9E01700C89F20 /* DataProviderProtocol.swift in Sources */,
				52CBC79B28D9DF1000C89F20 /* CloudKeyValueDataProvider.swift in Sources */,
				52BC111B237C461C005EC3F7 /* WatchView.swift in Sources */,
				5240F1E628D9B6CB00B95FE5 /* AppSettingsDataManager.swift in Sources */,
				5240F1F228D9C25700B95FE5 /* AppControlSettings.swift in Sources */,
				5234436D1BBB181C00E95BA4 /* ExtensionDelegate.swift in Sources */,
				52CBC7BF28DAF84500C89F20 /* CircularProgressView.swift in Sources */,
				52CBC7BB28DA1A4200C89F20 /* InMemoryDataProvider.swift in Sources */,
				52CBC7B028D9EE6700C89F20 /* AppSettings+Text.swift in Sources */,
				52CBC7B728D9FBE000C89F20 /* AppSettings+DayCalculations.swift in Sources */,
				5240F1EC28D9BE1A00B95FE5 /* AppSettings.swift in Sources */,
				52BC111F237C4AD0005EC3F7 /* DaysLeftViewModel.swift in Sources */,
			);
			runOnlyForDeploymentPostprocessing = 0;
		};
		52CFBEF41A8B631B005234FB /* Sources */ = {
			isa = PBXSourcesBuildPhase;
			buildActionMask = 2147483647;
			files = (
				52AC69532154DAFB00E6C833 /* Intents.intentdefinition in Sources */,
				52CBC7C128DB028D00C89F20 /* DaysLeftViewModel.swift in Sources */,
				52CBC7C628DB0CA300C89F20 /* MainViewHostingController.swift in Sources */,
				52CBC7BE28DAF84500C89F20 /* CircularProgressView.swift in Sources */,
				5240F1EB28D9BE1A00B95FE5 /* AppSettings.swift in Sources */,
				52CBC7AE28D9EE6700C89F20 /* AppSettings+Text.swift in Sources */,
				52CBC7C828DB0D0900C89F20 /* MainView.swift in Sources */,
				52CBC79A28D9DF1000C89F20 /* CloudKeyValueDataProvider.swift in Sources */,
				52DC5AD428DB43CE00AFF24D /* SettingsView.swift in Sources */,
				52F9CDAC22D63D1900E0FFE8 /* SceneDelegate.swift in Sources */,
				5240F1F128D9C25700B95FE5 /* AppControlSettings.swift in Sources */,
				52CFBEFE1A8B631B005234FB /* AppDelegate.swift in Sources */,
				5240F1E528D9B6CB00B95FE5 /* AppSettingsDataManager.swift in Sources */,
				52CBC7C928DB101600C89F20 /* InMemoryDataProvider.swift in Sources */,
				52D617B124D06F9000465F4C /* MenuBuilder.swift in Sources */,
				5240F1D028D8C1BC00B95FE5 /* Date+Helpers.swift in Sources */,
				52DC5AD228DB431900AFF24D /* SettingsViewHostingController.swift in Sources */,
				52CBC7A028D9E01700C89F20 /* DataProviderProtocol.swift in Sources */,
				52FC401427AABAD9005DAD8C /* AnalyticsManager.swift in Sources */,
				52DC5AD028DB3EE300AFF24D /* SettingsViewModel.swift in Sources */,
				52DC9EB51FC97A9200AE02F6 /* FirebaseNotifications.swift in Sources */,
				52CBC7B528D9FBE000C89F20 /* AppSettings+DayCalculations.swift in Sources */,
			);
			runOnlyForDeploymentPostprocessing = 0;
		};
		52E0489C25077AFB009A2169 /* Sources */ = {
			isa = PBXSourcesBuildPhase;
			buildActionMask = 2147483647;
			files = (
				52E048B325077E1C009A2169 /* WidgetView.swift in Sources */,
				52E048A725077AFB009A2169 /* DaysLeftWidget.swift in Sources */,
				5240F1D528D8C1BC00B95FE5 /* Date+Helpers.swift in Sources */,
				52E048BF2507A57E009A2169 /* WidgetTimelineProvider.swift in Sources */,
				52E048B525077E6A009A2169 /* WidgetDaysLeftData.swift in Sources */,
				52CBC7A428D9E01700C89F20 /* DataProviderProtocol.swift in Sources */,
				52E048BA25077F87009A2169 /* WidgetProgressControl.swift in Sources */,
				5240F1EF28D9BE1A00B95FE5 /* AppSettings.swift in Sources */,
				5240F1E928D9B6CB00B95FE5 /* AppSettingsDataManager.swift in Sources */,
				52CBC79E28D9DF1000C89F20 /* CloudKeyValueDataProvider.swift in Sources */,
				52CBC7B328D9EE6700C89F20 /* AppSettings+Text.swift in Sources */,
				52CBC7BA28D9FBE000C89F20 /* AppSettings+DayCalculations.swift in Sources */,
				52CBC7AC28D9EA2D00C89F20 /* InMemoryDataProvider.swift in Sources */,
				52CBC7C028DAFC9400C89F20 /* CircularProgressView.swift in Sources */,
				5240F1F528D9C25700B95FE5 /* AppControlSettings.swift in Sources */,
			);
			runOnlyForDeploymentPostprocessing = 0;
		};
/* End PBXSourcesBuildPhase section */

/* Begin PBXTargetDependency section */
		523443621BBAFBEF00E95BA4 /* PBXTargetDependency */ = {
			isa = PBXTargetDependency;
			target = 52B7E8761ABEDE9300E1949C /* DaysLeft WatchKit Extension */;
			targetProxy = 523443611BBAFBEF00E95BA4 /* PBXContainerItemProxy */;
		};
		523443651BBAFBEF00E95BA4 /* PBXTargetDependency */ = {
			isa = PBXTargetDependency;
			platformFilter = ios;
			target = 52B7E8801ABEDE9300E1949C /* DaysLeft WatchKit App */;
			targetProxy = 523443641BBAFBEF00E95BA4 /* PBXContainerItemProxy */;
		};
		5295EDDF1A94AE53007EF7E7 /* PBXTargetDependency */ = {
			isa = PBXTargetDependency;
			target = 52CFBEF71A8B631B005234FB /* DaysLeft */;
			targetProxy = 5295EDDE1A94AE53007EF7E7 /* PBXContainerItemProxy */;
		};
		52AC69472154DA7F00E6C833 /* PBXTargetDependency */ = {
			isa = PBXTargetDependency;
			platformFilter = ios;
			target = 52AC693B2154DA7E00E6C833 /* DaysLeftIntentUI */;
			targetProxy = 52AC69462154DA7F00E6C833 /* PBXContainerItemProxy */;
		};
		52AC694A2154DA7F00E6C833 /* PBXTargetDependency */ = {
			isa = PBXTargetDependency;
			platformFilter = ios;
			target = 52AC69322154DA7E00E6C833 /* DaysLeftIntent */;
			targetProxy = 52AC69492154DA7F00E6C833 /* PBXContainerItemProxy */;
		};
		52E048AC25077AFE009A2169 /* PBXTargetDependency */ = {
			isa = PBXTargetDependency;
			platformFilter = ios;
			target = 52E0489F25077AFB009A2169 /* DaysLeftWidgetExtension */;
			targetProxy = 52E048AB25077AFE009A2169 /* PBXContainerItemProxy */;
		};
/* End PBXTargetDependency section */

/* Begin PBXVariantGroup section */
		52AC69422154DA7E00E6C833 /* MainInterface.storyboard */ = {
			isa = PBXVariantGroup;
			children = (
				52AC69432154DA7E00E6C833 /* Base */,
			);
			name = MainInterface.storyboard;
			sourceTree = "<group>";
		};
		52B7E8881ABEDE9300E1949C /* Interface.storyboard */ = {
			isa = PBXVariantGroup;
			children = (
				52B7E8891ABEDE9300E1949C /* Base */,
			);
			name = Interface.storyboard;
			sourceTree = "<group>";
		};
/* End PBXVariantGroup section */

/* Begin XCBuildConfiguration section */
		5295EDEC1A94AE53007EF7E7 /* Debug */ = {
			isa = XCBuildConfiguration;
			buildSettings = {
				DEBUG_INFORMATION_FORMAT = "dwarf-with-dsym";
				DEVELOPMENT_TEAM = W8B3V597R9;
				ENABLE_BITCODE = NO;
				GCC_PREPROCESSOR_DEFINITIONS = (
					"DEBUG=1",
					"$(inherited)",
				);
				INFOPLIST_FILE = "Unit Tests/Info.plist";
				IPHONEOS_DEPLOYMENT_TARGET = 15.0;
				LD_RUNPATH_SEARCH_PATHS = (
					"$(inherited)",
					"@executable_path/Frameworks",
					"@loader_path/Frameworks",
				);
				PRODUCT_BUNDLE_IDENTIFIER = "com.bravelocation.$(PRODUCT_NAME:rfc1034identifier)";
				PRODUCT_NAME = "$(TARGET_NAME)";
				SDKROOT = iphoneos;
				SWIFT_VERSION = 5.0;
				TEST_HOST = "$(BUILT_PRODUCTS_DIR)/DaysLeft.app/DaysLeft";
			};
			name = Debug;
		};
		5295EDED1A94AE53007EF7E7 /* Release */ = {
			isa = XCBuildConfiguration;
			buildSettings = {
				DEBUG_INFORMATION_FORMAT = "dwarf-with-dsym";
				DEVELOPMENT_TEAM = W8B3V597R9;
				ENABLE_BITCODE = NO;
				INFOPLIST_FILE = "Unit Tests/Info.plist";
				IPHONEOS_DEPLOYMENT_TARGET = 15.0;
				LD_RUNPATH_SEARCH_PATHS = (
					"$(inherited)",
					"@executable_path/Frameworks",
					"@loader_path/Frameworks",
				);
				PRODUCT_BUNDLE_IDENTIFIER = "com.bravelocation.$(PRODUCT_NAME:rfc1034identifier)";
				PRODUCT_NAME = "$(TARGET_NAME)";
				SDKROOT = iphoneos;
				SWIFT_VERSION = 5.0;
				TEST_HOST = "$(BUILT_PRODUCTS_DIR)/DaysLeft.app/DaysLeft";
			};
			name = Release;
		};
		52AC694D2154DA7F00E6C833 /* Debug */ = {
			isa = XCBuildConfiguration;
			buildSettings = {
				CLANG_ANALYZER_NONNULL = YES;
				CLANG_ANALYZER_NUMBER_OBJECT_CONVERSION = YES_AGGRESSIVE;
				CLANG_CXX_LANGUAGE_STANDARD = "gnu++14";
				CLANG_ENABLE_OBJC_WEAK = YES;
				CLANG_WARN_DOCUMENTATION_COMMENTS = YES;
				CLANG_WARN_UNGUARDED_AVAILABILITY = YES_AGGRESSIVE;
				CODE_SIGN_ENTITLEMENTS = DaysLeftIntentUI/DaysLeftIntentUI.entitlements;
				CODE_SIGN_IDENTITY = "iPhone Developer";
				"CODE_SIGN_IDENTITY[sdk=iphoneos*]" = "iPhone Developer";
				CODE_SIGN_STYLE = Automatic;
				DEVELOPMENT_TEAM = W8B3V597R9;
				GCC_C_LANGUAGE_STANDARD = gnu11;
				INFOPLIST_FILE = DaysLeftIntentUI/Info.plist;
				IPHONEOS_DEPLOYMENT_TARGET = 15.0;
				LD_RUNPATH_SEARCH_PATHS = (
					"$(inherited)",
					"@executable_path/Frameworks",
					"@executable_path/../../Frameworks",
				);
				MTL_ENABLE_DEBUG_INFO = INCLUDE_SOURCE;
				MTL_FAST_MATH = YES;
				PRODUCT_BUNDLE_IDENTIFIER = com.bravelocation.daysleft.DaysLeftIntentUI;
				PRODUCT_NAME = "$(TARGET_NAME)";
				SKIP_INSTALL = YES;
				SUPPORTS_MACCATALYST = NO;
				SWIFT_ACTIVE_COMPILATION_CONDITIONS = DEBUG;
				SWIFT_VERSION = 5.0;
				TARGETED_DEVICE_FAMILY = "1,2";
			};
			name = Debug;
		};
		52AC694E2154DA7F00E6C833 /* Release */ = {
			isa = XCBuildConfiguration;
			buildSettings = {
				CLANG_ANALYZER_NONNULL = YES;
				CLANG_ANALYZER_NUMBER_OBJECT_CONVERSION = YES_AGGRESSIVE;
				CLANG_CXX_LANGUAGE_STANDARD = "gnu++14";
				CLANG_ENABLE_OBJC_WEAK = YES;
				CLANG_WARN_DOCUMENTATION_COMMENTS = YES;
				CLANG_WARN_UNGUARDED_AVAILABILITY = YES_AGGRESSIVE;
				CODE_SIGN_ENTITLEMENTS = DaysLeftIntentUI/DaysLeftIntentUI.entitlements;
				CODE_SIGN_IDENTITY = "iPhone Developer";
				"CODE_SIGN_IDENTITY[sdk=iphoneos*]" = "iPhone Developer";
				CODE_SIGN_STYLE = Automatic;
				DEVELOPMENT_TEAM = W8B3V597R9;
				GCC_C_LANGUAGE_STANDARD = gnu11;
				INFOPLIST_FILE = DaysLeftIntentUI/Info.plist;
				IPHONEOS_DEPLOYMENT_TARGET = 15.0;
				LD_RUNPATH_SEARCH_PATHS = (
					"$(inherited)",
					"@executable_path/Frameworks",
					"@executable_path/../../Frameworks",
				);
				MTL_FAST_MATH = YES;
				PRODUCT_BUNDLE_IDENTIFIER = com.bravelocation.daysleft.DaysLeftIntentUI;
				PRODUCT_NAME = "$(TARGET_NAME)";
				SKIP_INSTALL = YES;
				SUPPORTS_MACCATALYST = NO;
				SWIFT_VERSION = 5.0;
				TARGETED_DEVICE_FAMILY = "1,2";
			};
			name = Release;
		};
		52AC69502154DA7F00E6C833 /* Debug */ = {
			isa = XCBuildConfiguration;
			buildSettings = {
				CLANG_ANALYZER_NONNULL = YES;
				CLANG_ANALYZER_NUMBER_OBJECT_CONVERSION = YES_AGGRESSIVE;
				CLANG_CXX_LANGUAGE_STANDARD = "gnu++14";
				CLANG_ENABLE_OBJC_WEAK = YES;
				CLANG_WARN_DOCUMENTATION_COMMENTS = YES;
				CLANG_WARN_UNGUARDED_AVAILABILITY = YES_AGGRESSIVE;
				CODE_SIGN_ENTITLEMENTS = DaysLeftIntent/DaysLeftIntent.entitlements;
				CODE_SIGN_IDENTITY = "iPhone Developer";
				"CODE_SIGN_IDENTITY[sdk=iphoneos*]" = "iPhone Developer";
				CODE_SIGN_STYLE = Automatic;
				DEVELOPMENT_TEAM = W8B3V597R9;
				GCC_C_LANGUAGE_STANDARD = gnu11;
				INFOPLIST_FILE = DaysLeftIntent/Info.plist;
				IPHONEOS_DEPLOYMENT_TARGET = 15.0;
				LD_RUNPATH_SEARCH_PATHS = (
					"$(inherited)",
					"@executable_path/Frameworks",
					"@executable_path/../../Frameworks",
				);
				MTL_ENABLE_DEBUG_INFO = INCLUDE_SOURCE;
				MTL_FAST_MATH = YES;
				PRODUCT_BUNDLE_IDENTIFIER = com.bravelocation.daysleft.DaysLeftIntent;
				PRODUCT_NAME = "$(TARGET_NAME)";
				SKIP_INSTALL = YES;
				SUPPORTS_MACCATALYST = NO;
				SWIFT_ACTIVE_COMPILATION_CONDITIONS = DEBUG;
				SWIFT_VERSION = 5.0;
				TARGETED_DEVICE_FAMILY = "1,2";
			};
			name = Debug;
		};
		52AC69512154DA7F00E6C833 /* Release */ = {
			isa = XCBuildConfiguration;
			buildSettings = {
				CLANG_ANALYZER_NONNULL = YES;
				CLANG_ANALYZER_NUMBER_OBJECT_CONVERSION = YES_AGGRESSIVE;
				CLANG_CXX_LANGUAGE_STANDARD = "gnu++14";
				CLANG_ENABLE_OBJC_WEAK = YES;
				CLANG_WARN_DOCUMENTATION_COMMENTS = YES;
				CLANG_WARN_UNGUARDED_AVAILABILITY = YES_AGGRESSIVE;
				CODE_SIGN_ENTITLEMENTS = DaysLeftIntent/DaysLeftIntent.entitlements;
				CODE_SIGN_IDENTITY = "iPhone Developer";
				"CODE_SIGN_IDENTITY[sdk=iphoneos*]" = "iPhone Developer";
				CODE_SIGN_STYLE = Automatic;
				DEVELOPMENT_TEAM = W8B3V597R9;
				GCC_C_LANGUAGE_STANDARD = gnu11;
				INFOPLIST_FILE = DaysLeftIntent/Info.plist;
				IPHONEOS_DEPLOYMENT_TARGET = 15.0;
				LD_RUNPATH_SEARCH_PATHS = (
					"$(inherited)",
					"@executable_path/Frameworks",
					"@executable_path/../../Frameworks",
				);
				MTL_FAST_MATH = YES;
				PRODUCT_BUNDLE_IDENTIFIER = com.bravelocation.daysleft.DaysLeftIntent;
				PRODUCT_NAME = "$(TARGET_NAME)";
				SKIP_INSTALL = YES;
				SUPPORTS_MACCATALYST = NO;
				SWIFT_VERSION = 5.0;
				TARGETED_DEVICE_FAMILY = "1,2";
			};
			name = Release;
		};
		52B7E8901ABEDE9300E1949C /* Debug */ = {
			isa = XCBuildConfiguration;
			buildSettings = {
				CODE_SIGN_ENTITLEMENTS = "daysleft WatchKit Extension/daysleft WatchKit Extension.entitlements";
				CODE_SIGN_IDENTITY = "iPhone Developer";
				"CODE_SIGN_IDENTITY[sdk=iphoneos*]" = "iPhone Developer";
				DEBUG_INFORMATION_FORMAT = "dwarf-with-dsym";
				GCC_PREPROCESSOR_DEFINITIONS = (
					"DEBUG=1",
					"$(inherited)",
				);
				INFOPLIST_FILE = "daysleft WatchKit Extension/Info.plist";
				LD_RUNPATH_SEARCH_PATHS = (
					"$(inherited)",
					"@executable_path/Frameworks",
					"@executable_path/../../Frameworks",
				);
				PRODUCT_BUNDLE_IDENTIFIER = com.bravelocation.daysleft.watchkitapp.watchkitextension;
				PRODUCT_NAME = "${TARGET_NAME}";
				PROVISIONING_PROFILE = "";
				SDKROOT = watchos;
				SKIP_INSTALL = YES;
				SWIFT_VERSION = 5.0;
				TARGETED_DEVICE_FAMILY = 4;
				WATCHOS_DEPLOYMENT_TARGET = 9.0;
			};
			name = Debug;
		};
		52B7E8911ABEDE9300E1949C /* Release */ = {
			isa = XCBuildConfiguration;
			buildSettings = {
				CODE_SIGN_ENTITLEMENTS = "daysleft WatchKit Extension/daysleft WatchKit Extension.entitlements";
				CODE_SIGN_IDENTITY = "iPhone Developer";
				"CODE_SIGN_IDENTITY[sdk=iphoneos*]" = "iPhone Developer";
				DEBUG_INFORMATION_FORMAT = "dwarf-with-dsym";
				INFOPLIST_FILE = "daysleft WatchKit Extension/Info.plist";
				LD_RUNPATH_SEARCH_PATHS = (
					"$(inherited)",
					"@executable_path/Frameworks",
					"@executable_path/../../Frameworks",
				);
				PRODUCT_BUNDLE_IDENTIFIER = com.bravelocation.daysleft.watchkitapp.watchkitextension;
				PRODUCT_NAME = "${TARGET_NAME}";
				PROVISIONING_PROFILE = "";
				SDKROOT = watchos;
				SKIP_INSTALL = YES;
				SWIFT_VERSION = 5.0;
				TARGETED_DEVICE_FAMILY = 4;
				WATCHOS_DEPLOYMENT_TARGET = 9.0;
			};
			name = Release;
		};
		52B7E8921ABEDE9300E1949C /* Debug */ = {
			isa = XCBuildConfiguration;
			buildSettings = {
				ASSETCATALOG_COMPILER_APPICON_NAME = WatchAppIcon;
				CODE_SIGN_ENTITLEMENTS = "daysleft WatchKit App/daysleft WatchKit App.entitlements";
				CODE_SIGN_IDENTITY = "Apple Development";
				CODE_SIGN_STYLE = Automatic;
				DEBUG_INFORMATION_FORMAT = "dwarf-with-dsym";
				DEVELOPMENT_TEAM = W8B3V597R9;
				GCC_PREPROCESSOR_DEFINITIONS = (
					"DEBUG=1",
					"$(inherited)",
				);
				IBSC_MODULE = daysleft_WatchKit_Extension;
				INFOPLIST_FILE = "daysleft WatchKit App/Info.plist";
				PRODUCT_BUNDLE_IDENTIFIER = com.bravelocation.daysleft.watchkitapp;
				PRODUCT_NAME = "$(TARGET_NAME)";
				PROVISIONING_PROFILE = "";
				PROVISIONING_PROFILE_SPECIFIER = "";
				SDKROOT = watchos;
				SKIP_INSTALL = YES;
				SWIFT_VERSION = 3.0;
				TARGETED_DEVICE_FAMILY = 4;
				WATCHOS_DEPLOYMENT_TARGET = 9.0;
			};
			name = Debug;
		};
		52B7E8931ABEDE9300E1949C /* Release */ = {
			isa = XCBuildConfiguration;
			buildSettings = {
				ASSETCATALOG_COMPILER_APPICON_NAME = WatchAppIcon;
				CODE_SIGN_ENTITLEMENTS = "daysleft WatchKit App/daysleft WatchKit App.entitlements";
				CODE_SIGN_IDENTITY = "Apple Development";
				CODE_SIGN_STYLE = Automatic;
				DEBUG_INFORMATION_FORMAT = "dwarf-with-dsym";
				DEVELOPMENT_TEAM = W8B3V597R9;
				IBSC_MODULE = daysleft_WatchKit_Extension;
				INFOPLIST_FILE = "daysleft WatchKit App/Info.plist";
				PRODUCT_BUNDLE_IDENTIFIER = com.bravelocation.daysleft.watchkitapp;
				PRODUCT_NAME = "$(TARGET_NAME)";
				PROVISIONING_PROFILE = "";
				PROVISIONING_PROFILE_SPECIFIER = "";
				SDKROOT = watchos;
				SKIP_INSTALL = YES;
				SWIFT_VERSION = 3.0;
				TARGETED_DEVICE_FAMILY = 4;
				WATCHOS_DEPLOYMENT_TARGET = 9.0;
			};
			name = Release;
		};
		52CFBF151A8B631B005234FB /* Debug */ = {
			isa = XCBuildConfiguration;
			buildSettings = {
				ALWAYS_SEARCH_USER_PATHS = NO;
				CLANG_ANALYZER_LOCALIZABILITY_NONLOCALIZED = YES;
				CLANG_CXX_LANGUAGE_STANDARD = "gnu++0x";
				CLANG_CXX_LIBRARY = "libc++";
				CLANG_ENABLE_MODULES = YES;
				CLANG_ENABLE_OBJC_ARC = YES;
				CLANG_WARN_BLOCK_CAPTURE_AUTORELEASING = YES;
				CLANG_WARN_BOOL_CONVERSION = YES;
				CLANG_WARN_COMMA = YES;
				CLANG_WARN_CONSTANT_CONVERSION = YES;
				CLANG_WARN_DEPRECATED_OBJC_IMPLEMENTATIONS = YES;
				CLANG_WARN_DIRECT_OBJC_ISA_USAGE = YES_ERROR;
				CLANG_WARN_EMPTY_BODY = YES;
				CLANG_WARN_ENUM_CONVERSION = YES;
				CLANG_WARN_INFINITE_RECURSION = YES;
				CLANG_WARN_INT_CONVERSION = YES;
				CLANG_WARN_NON_LITERAL_NULL_CONVERSION = YES;
				CLANG_WARN_OBJC_IMPLICIT_RETAIN_SELF = YES;
				CLANG_WARN_OBJC_LITERAL_CONVERSION = YES;
				CLANG_WARN_OBJC_ROOT_CLASS = YES_ERROR;
				CLANG_WARN_QUOTED_INCLUDE_IN_FRAMEWORK_HEADER = YES;
				CLANG_WARN_RANGE_LOOP_ANALYSIS = YES;
				CLANG_WARN_STRICT_PROTOTYPES = YES;
				CLANG_WARN_SUSPICIOUS_MOVE = YES;
				CLANG_WARN_UNREACHABLE_CODE = YES;
				CLANG_WARN__DUPLICATE_METHOD_MATCH = YES;
				"CODE_SIGN_IDENTITY[sdk=iphoneos*]" = "iPhone Developer";
				COPY_PHASE_STRIP = NO;
				DEBUG_INFORMATION_FORMAT = dwarf;
				DEFINES_MODULE = YES;
				ENABLE_STRICT_OBJC_MSGSEND = YES;
				ENABLE_TESTABILITY = YES;
				GCC_C_LANGUAGE_STANDARD = gnu99;
				GCC_DYNAMIC_NO_PIC = NO;
				GCC_NO_COMMON_BLOCKS = YES;
				GCC_OPTIMIZATION_LEVEL = 0;
				GCC_PREPROCESSOR_DEFINITIONS = (
					"DEBUG=1",
					"$(inherited)",
				);
				GCC_SYMBOLS_PRIVATE_EXTERN = NO;
				GCC_WARN_64_TO_32_BIT_CONVERSION = YES;
				GCC_WARN_ABOUT_RETURN_TYPE = YES_ERROR;
				GCC_WARN_UNDECLARED_SELECTOR = YES;
				GCC_WARN_UNINITIALIZED_AUTOS = YES_AGGRESSIVE;
				GCC_WARN_UNUSED_FUNCTION = YES;
				GCC_WARN_UNUSED_VARIABLE = YES;
				IPHONEOS_DEPLOYMENT_TARGET = 15.0;
				MTL_ENABLE_DEBUG_INFO = YES;
				ONLY_ACTIVE_ARCH = YES;
				SDKROOT = iphoneos;
				SHARED_VERSION_NUMBER = 5.0.0;
				SWIFT_OPTIMIZATION_LEVEL = "-Onone";
				TARGETED_DEVICE_FAMILY = "1,2";
			};
			name = Debug;
		};
		52CFBF161A8B631B005234FB /* Release */ = {
			isa = XCBuildConfiguration;
			buildSettings = {
				ALWAYS_SEARCH_USER_PATHS = NO;
				CLANG_ANALYZER_LOCALIZABILITY_NONLOCALIZED = YES;
				CLANG_CXX_LANGUAGE_STANDARD = "gnu++0x";
				CLANG_CXX_LIBRARY = "libc++";
				CLANG_ENABLE_MODULES = YES;
				CLANG_ENABLE_OBJC_ARC = YES;
				CLANG_WARN_BLOCK_CAPTURE_AUTORELEASING = YES;
				CLANG_WARN_BOOL_CONVERSION = YES;
				CLANG_WARN_COMMA = YES;
				CLANG_WARN_CONSTANT_CONVERSION = YES;
				CLANG_WARN_DEPRECATED_OBJC_IMPLEMENTATIONS = YES;
				CLANG_WARN_DIRECT_OBJC_ISA_USAGE = YES_ERROR;
				CLANG_WARN_EMPTY_BODY = YES;
				CLANG_WARN_ENUM_CONVERSION = YES;
				CLANG_WARN_INFINITE_RECURSION = YES;
				CLANG_WARN_INT_CONVERSION = YES;
				CLANG_WARN_NON_LITERAL_NULL_CONVERSION = YES;
				CLANG_WARN_OBJC_IMPLICIT_RETAIN_SELF = YES;
				CLANG_WARN_OBJC_LITERAL_CONVERSION = YES;
				CLANG_WARN_OBJC_ROOT_CLASS = YES_ERROR;
				CLANG_WARN_QUOTED_INCLUDE_IN_FRAMEWORK_HEADER = YES;
				CLANG_WARN_RANGE_LOOP_ANALYSIS = YES;
				CLANG_WARN_STRICT_PROTOTYPES = YES;
				CLANG_WARN_SUSPICIOUS_MOVE = YES;
				CLANG_WARN_UNREACHABLE_CODE = YES;
				CLANG_WARN__DUPLICATE_METHOD_MATCH = YES;
				"CODE_SIGN_IDENTITY[sdk=iphoneos*]" = "iPhone Developer";
				COPY_PHASE_STRIP = NO;
				DEBUG_INFORMATION_FORMAT = "dwarf-with-dsym";
				DEFINES_MODULE = YES;
				ENABLE_NS_ASSERTIONS = NO;
				ENABLE_STRICT_OBJC_MSGSEND = YES;
				GCC_C_LANGUAGE_STANDARD = gnu99;
				GCC_NO_COMMON_BLOCKS = YES;
				GCC_WARN_64_TO_32_BIT_CONVERSION = YES;
				GCC_WARN_ABOUT_RETURN_TYPE = YES_ERROR;
				GCC_WARN_UNDECLARED_SELECTOR = YES;
				GCC_WARN_UNINITIALIZED_AUTOS = YES_AGGRESSIVE;
				GCC_WARN_UNUSED_FUNCTION = YES;
				GCC_WARN_UNUSED_VARIABLE = YES;
				IPHONEOS_DEPLOYMENT_TARGET = 15.0;
				MTL_ENABLE_DEBUG_INFO = NO;
				SDKROOT = iphoneos;
				SHARED_VERSION_NUMBER = 5.0.0;
				SWIFT_COMPILATION_MODE = wholemodule;
				SWIFT_OPTIMIZATION_LEVEL = "-O";
				TARGETED_DEVICE_FAMILY = "1,2";
				VALIDATE_PRODUCT = YES;
			};
			name = Release;
		};
		52CFBF181A8B631B005234FB /* Debug */ = {
			isa = XCBuildConfiguration;
			buildSettings = {
				ALWAYS_EMBED_SWIFT_STANDARD_LIBRARIES = YES;
				ASSETCATALOG_COMPILER_APPICON_NAME = AppIcon;
				CODE_SIGN_ENTITLEMENTS = daysleft/daysleft.entitlements;
				CODE_SIGN_IDENTITY = "iPhone Developer";
				"CODE_SIGN_IDENTITY[sdk=iphoneos*]" = "iPhone Developer";
				CODE_SIGN_STYLE = Automatic;
				DEBUG_INFORMATION_FORMAT = "dwarf-with-dsym";
				DEFINES_MODULE = YES;
				DEVELOPMENT_TEAM = W8B3V597R9;
				ENABLE_BITCODE = NO;
				FRAMEWORK_SEARCH_PATHS = (
					"$(inherited)",
					"$(PROJECT_DIR)",
				);
				INFOPLIST_FILE = daysleft/Info.plist;
				INFOPLIST_KEY_CFBundleDisplayName = "Count The Days Left";
				INFOPLIST_KEY_LSApplicationCategoryType = "public.app-category.productivity";
				IPHONEOS_DEPLOYMENT_TARGET = 15.0;
				LD_RUNPATH_SEARCH_PATHS = (
					"$(inherited)",
					"@executable_path/Frameworks",
				);
				PRODUCT_BUNDLE_IDENTIFIER = com.bravelocation.daysleft;
				PRODUCT_NAME = "$(TARGET_NAME)";
				PROVISIONING_PROFILE = "";
				PROVISIONING_PROFILE_SPECIFIER = "";
				SUPPORTED_PLATFORMS = "iphoneos iphonesimulator";
				SUPPORTS_MACCATALYST = YES;
				SUPPORTS_MAC_DESIGNED_FOR_IPHONE_IPAD = NO;
				SWIFT_OBJC_BRIDGING_HEADER = "./daysleft/daysleft-Bridging-Header.h";
				SWIFT_VERSION = 5.0;
				TARGETED_DEVICE_FAMILY = "1,2,6";
			};
			name = Debug;
		};
		52CFBF191A8B631B005234FB /* Release */ = {
			isa = XCBuildConfiguration;
			buildSettings = {
				ALWAYS_EMBED_SWIFT_STANDARD_LIBRARIES = YES;
				ASSETCATALOG_COMPILER_APPICON_NAME = AppIcon;
				CODE_SIGN_ENTITLEMENTS = daysleft/daysleft.entitlements;
				CODE_SIGN_IDENTITY = "iPhone Developer";
				"CODE_SIGN_IDENTITY[sdk=iphoneos*]" = "iPhone Developer";
				CODE_SIGN_STYLE = Automatic;
				DEFINES_MODULE = YES;
				DEVELOPMENT_TEAM = W8B3V597R9;
				ENABLE_BITCODE = NO;
				FRAMEWORK_SEARCH_PATHS = (
					"$(inherited)",
					"$(PROJECT_DIR)",
				);
				INFOPLIST_FILE = daysleft/Info.plist;
				INFOPLIST_KEY_CFBundleDisplayName = "Count The Days Left";
				INFOPLIST_KEY_LSApplicationCategoryType = "public.app-category.productivity";
				IPHONEOS_DEPLOYMENT_TARGET = 15.0;
				LD_RUNPATH_SEARCH_PATHS = (
					"$(inherited)",
					"@executable_path/Frameworks",
				);
				PRODUCT_BUNDLE_IDENTIFIER = com.bravelocation.daysleft;
				PRODUCT_NAME = "$(TARGET_NAME)";
				PROVISIONING_PROFILE = "";
				PROVISIONING_PROFILE_SPECIFIER = "";
				SUPPORTED_PLATFORMS = "iphoneos iphonesimulator";
				SUPPORTS_MACCATALYST = YES;
				SUPPORTS_MAC_DESIGNED_FOR_IPHONE_IPAD = NO;
				SWIFT_OBJC_BRIDGING_HEADER = "./daysleft/daysleft-Bridging-Header.h";
				SWIFT_VERSION = 5.0;
				TARGETED_DEVICE_FAMILY = "1,2,6";
			};
			name = Release;
		};
		52E048AF25077AFF009A2169 /* Debug */ = {
			isa = XCBuildConfiguration;
			buildSettings = {
				ASSETCATALOG_COMPILER_GLOBAL_ACCENT_COLOR_NAME = AccentColor;
				ASSETCATALOG_COMPILER_WIDGET_BACKGROUND_COLOR_NAME = WidgetBackground;
				CLANG_ANALYZER_NONNULL = YES;
				CLANG_ANALYZER_NUMBER_OBJECT_CONVERSION = YES_AGGRESSIVE;
				CLANG_CXX_LANGUAGE_STANDARD = "gnu++14";
				CLANG_ENABLE_OBJC_WEAK = YES;
				CLANG_WARN_DOCUMENTATION_COMMENTS = YES;
				CLANG_WARN_UNGUARDED_AVAILABILITY = YES_AGGRESSIVE;
				CODE_SIGN_ENTITLEMENTS = DaysLeftWidget/Assets/DaysLeftWidgetExtension.entitlements;
				CODE_SIGN_IDENTITY = "iPhone Developer";
				"CODE_SIGN_IDENTITY[sdk=iphoneos*]" = "iPhone Developer";
				CODE_SIGN_STYLE = Automatic;
				DEVELOPMENT_TEAM = W8B3V597R9;
				GCC_C_LANGUAGE_STANDARD = gnu11;
				INFOPLIST_FILE = DaysLeftWidget/Assets/Info.plist;
				IPHONEOS_DEPLOYMENT_TARGET = 15.0;
				LD_RUNPATH_SEARCH_PATHS = (
					"$(inherited)",
					"@executable_path/Frameworks",
					"@executable_path/../../Frameworks",
				);
				MTL_ENABLE_DEBUG_INFO = INCLUDE_SOURCE;
				MTL_FAST_MATH = YES;
				PRODUCT_BUNDLE_IDENTIFIER = com.bravelocation.daysleft.DaysLeftWidget;
				PRODUCT_NAME = "$(TARGET_NAME)";
				SKIP_INSTALL = YES;
				SUPPORTS_MACCATALYST = NO;
				SWIFT_ACTIVE_COMPILATION_CONDITIONS = DEBUG;
				SWIFT_VERSION = 5.0;
				TARGETED_DEVICE_FAMILY = "1,2";
			};
			name = Debug;
		};
		52E048B025077AFF009A2169 /* Release */ = {
			isa = XCBuildConfiguration;
			buildSettings = {
				ASSETCATALOG_COMPILER_GLOBAL_ACCENT_COLOR_NAME = AccentColor;
				ASSETCATALOG_COMPILER_WIDGET_BACKGROUND_COLOR_NAME = WidgetBackground;
				CLANG_ANALYZER_NONNULL = YES;
				CLANG_ANALYZER_NUMBER_OBJECT_CONVERSION = YES_AGGRESSIVE;
				CLANG_CXX_LANGUAGE_STANDARD = "gnu++14";
				CLANG_ENABLE_OBJC_WEAK = YES;
				CLANG_WARN_DOCUMENTATION_COMMENTS = YES;
				CLANG_WARN_UNGUARDED_AVAILABILITY = YES_AGGRESSIVE;
				CODE_SIGN_ENTITLEMENTS = DaysLeftWidget/Assets/DaysLeftWidgetExtension.entitlements;
				CODE_SIGN_IDENTITY = "iPhone Developer";
				"CODE_SIGN_IDENTITY[sdk=iphoneos*]" = "iPhone Developer";
				CODE_SIGN_STYLE = Automatic;
				DEVELOPMENT_TEAM = W8B3V597R9;
				GCC_C_LANGUAGE_STANDARD = gnu11;
				INFOPLIST_FILE = DaysLeftWidget/Assets/Info.plist;
				IPHONEOS_DEPLOYMENT_TARGET = 15.0;
				LD_RUNPATH_SEARCH_PATHS = (
					"$(inherited)",
					"@executable_path/Frameworks",
					"@executable_path/../../Frameworks",
				);
				MTL_FAST_MATH = YES;
				PRODUCT_BUNDLE_IDENTIFIER = com.bravelocation.daysleft.DaysLeftWidget;
				PRODUCT_NAME = "$(TARGET_NAME)";
				SKIP_INSTALL = YES;
				SUPPORTS_MACCATALYST = NO;
				SWIFT_VERSION = 5.0;
				TARGETED_DEVICE_FAMILY = "1,2";
			};
			name = Release;
		};
/* End XCBuildConfiguration section */

/* Begin XCConfigurationList section */
		5295EDEF1A94AE53007EF7E7 /* Build configuration list for PBXNativeTarget "DaysLeftTests" */ = {
			isa = XCConfigurationList;
			buildConfigurations = (
				5295EDEC1A94AE53007EF7E7 /* Debug */,
				5295EDED1A94AE53007EF7E7 /* Release */,
			);
			defaultConfigurationIsVisible = 0;
			defaultConfigurationName = Release;
		};
		52AC694C2154DA7F00E6C833 /* Build configuration list for PBXNativeTarget "DaysLeftIntentUI" */ = {
			isa = XCConfigurationList;
			buildConfigurations = (
				52AC694D2154DA7F00E6C833 /* Debug */,
				52AC694E2154DA7F00E6C833 /* Release */,
			);
			defaultConfigurationIsVisible = 0;
			defaultConfigurationName = Release;
		};
		52AC694F2154DA7F00E6C833 /* Build configuration list for PBXNativeTarget "DaysLeftIntent" */ = {
			isa = XCConfigurationList;
			buildConfigurations = (
				52AC69502154DA7F00E6C833 /* Debug */,
				52AC69512154DA7F00E6C833 /* Release */,
			);
			defaultConfigurationIsVisible = 0;
			defaultConfigurationName = Release;
		};
		52B7E8941ABEDE9300E1949C /* Build configuration list for PBXNativeTarget "DaysLeft WatchKit App" */ = {
			isa = XCConfigurationList;
			buildConfigurations = (
				52B7E8921ABEDE9300E1949C /* Debug */,
				52B7E8931ABEDE9300E1949C /* Release */,
			);
			defaultConfigurationIsVisible = 0;
			defaultConfigurationName = Release;
		};
		52B7E8951ABEDE9300E1949C /* Build configuration list for PBXNativeTarget "DaysLeft WatchKit Extension" */ = {
			isa = XCConfigurationList;
			buildConfigurations = (
				52B7E8901ABEDE9300E1949C /* Debug */,
				52B7E8911ABEDE9300E1949C /* Release */,
			);
			defaultConfigurationIsVisible = 0;
			defaultConfigurationName = Release;
		};
		52CFBEF31A8B631B005234FB /* Build configuration list for PBXProject "DaysLeft" */ = {
			isa = XCConfigurationList;
			buildConfigurations = (
				52CFBF151A8B631B005234FB /* Debug */,
				52CFBF161A8B631B005234FB /* Release */,
			);
			defaultConfigurationIsVisible = 0;
			defaultConfigurationName = Release;
		};
		52CFBF171A8B631B005234FB /* Build configuration list for PBXNativeTarget "DaysLeft" */ = {
			isa = XCConfigurationList;
			buildConfigurations = (
				52CFBF181A8B631B005234FB /* Debug */,
				52CFBF191A8B631B005234FB /* Release */,
			);
			defaultConfigurationIsVisible = 0;
			defaultConfigurationName = Release;
		};
		52E048B125077AFF009A2169 /* Build configuration list for PBXNativeTarget "DaysLeftWidgetExtension" */ = {
			isa = XCConfigurationList;
			buildConfigurations = (
				52E048AF25077AFF009A2169 /* Debug */,
				52E048B025077AFF009A2169 /* Release */,
			);
			defaultConfigurationIsVisible = 0;
			defaultConfigurationName = Release;
		};
/* End XCConfigurationList section */

/* Begin XCRemoteSwiftPackageReference section */
		52FC400B27AA8B1B005DAD8C /* XCRemoteSwiftPackageReference "firebase-ios-sdk" */ = {
			isa = XCRemoteSwiftPackageReference;
			repositoryURL = "https://github.com/firebase/firebase-ios-sdk";
			requirement = {
				kind = upToNextMajorVersion;
				minimumVersion = 8.0.0;
			};
		};
/* End XCRemoteSwiftPackageReference section */

/* Begin XCSwiftPackageProductDependency section */
		52FC400C27AA8B1B005DAD8C /* FirebaseMessaging */ = {
			isa = XCSwiftPackageProductDependency;
			package = 52FC400B27AA8B1B005DAD8C /* XCRemoteSwiftPackageReference "firebase-ios-sdk" */;
			productName = FirebaseMessaging;
		};
		52FC400E27AA8EFC005DAD8C /* FirebaseAnalyticsWithoutAdIdSupport */ = {
			isa = XCSwiftPackageProductDependency;
			package = 52FC400B27AA8B1B005DAD8C /* XCRemoteSwiftPackageReference "firebase-ios-sdk" */;
			productName = FirebaseAnalyticsWithoutAdIdSupport;
		};
		52FC401027AA8F04005DAD8C /* FirebaseCrashlytics */ = {
			isa = XCSwiftPackageProductDependency;
			package = 52FC400B27AA8B1B005DAD8C /* XCRemoteSwiftPackageReference "firebase-ios-sdk" */;
			productName = FirebaseCrashlytics;
		};
/* End XCSwiftPackageProductDependency section */
	};
	rootObject = 52CFBEF01A8B631B005234FB /* Project object */;
}
